// !$*UTF8*$!
{
	archiveVersion = 1;
	classes = {
	};
	objectVersion = 55;
	objects = {

/* Begin PBXBuildFile section */
		B7042203285F58CD00D917E0 /* FirebaseMessaging in Frameworks */ = {isa = PBXBuildFile; productRef = B7042202285F58CD00D917E0 /* FirebaseMessaging */; };
		B704220528612AEC00D917E0 /* DetailMapAnnotationView.swift in Sources */ = {isa = PBXBuildFile; fileRef = B704220428612AEC00D917E0 /* DetailMapAnnotationView.swift */; };
		B704220828614BC400D917E0 /* Shimmer in Frameworks */ = {isa = PBXBuildFile; productRef = B704220728614BC400D917E0 /* Shimmer */; };
		B704221028629B8F00D917E0 /* KarismaCalculator.swift in Sources */ = {isa = PBXBuildFile; fileRef = B704220F28629B8F00D917E0 /* KarismaCalculator.swift */; };
		B70422132863E42200D917E0 /* NewMapObservationView.swift in Sources */ = {isa = PBXBuildFile; fileRef = B70422122863E42200D917E0 /* NewMapObservationView.swift */; };
		B70604DA28483DA8008D0930 /* StopChoiceSectionView.swift in Sources */ = {isa = PBXBuildFile; fileRef = B70604D928483DA8008D0930 /* StopChoiceSectionView.swift */; };
		B70604DF2848412D008D0930 /* RouteRowView.swift in Sources */ = {isa = PBXBuildFile; fileRef = B70604DE2848412D008D0930 /* RouteRowView.swift */; };
		B70604E12849278B008D0930 /* KarismaView.swift in Sources */ = {isa = PBXBuildFile; fileRef = B70604E02849278A008D0930 /* KarismaView.swift */; };
		B70604E328493E36008D0930 /* AboutView.swift in Sources */ = {isa = PBXBuildFile; fileRef = B70604E228493E36008D0930 /* AboutView.swift */; };
		B70604E528494499008D0930 /* TipsView.swift in Sources */ = {isa = PBXBuildFile; fileRef = B70604E428494499008D0930 /* TipsView.swift */; };
		B70604EB28494AED008D0930 /* BusamigoTabView.swift in Sources */ = {isa = PBXBuildFile; fileRef = B70604EA28494AED008D0930 /* BusamigoTabView.swift */; };
		B70604ED28495339008D0930 /* TabViewModel.swift in Sources */ = {isa = PBXBuildFile; fileRef = B70604EC28495339008D0930 /* TabViewModel.swift */; };
		B70604F32849842C008D0930 /* EmptyFeedView.swift in Sources */ = {isa = PBXBuildFile; fileRef = B70604F22849842C008D0930 /* EmptyFeedView.swift */; };
		B70604F528498D20008D0930 /* HomeButtonManager.swift in Sources */ = {isa = PBXBuildFile; fileRef = B70604F428498D20008D0930 /* HomeButtonManager.swift */; };
		B721CFA928652C720008D00B /* AppDelegateExtensions.swift in Sources */ = {isa = PBXBuildFile; fileRef = B721CFA828652C720008D00B /* AppDelegateExtensions.swift */; };
		B721CFAB286D083A0008D00B /* Network.swift in Sources */ = {isa = PBXBuildFile; fileRef = B721CFAA286D08390008D00B /* Network.swift */; };
		B721CFAF286E22E30008D00B /* LaunchScreen.storyboard in Resources */ = {isa = PBXBuildFile; fileRef = B721CFAE286E22E30008D00B /* LaunchScreen.storyboard */; };
		B721CFB52870BC320008D00B /* WelcomeView.swift in Sources */ = {isa = PBXBuildFile; fileRef = B721CFB42870BC320008D00B /* WelcomeView.swift */; };
		B721CFB72870C66C0008D00B /* SetupNotificationsView.swift in Sources */ = {isa = PBXBuildFile; fileRef = B721CFB62870C66B0008D00B /* SetupNotificationsView.swift */; };
		B721CFBA287103C00008D00B /* LaunchView.swift in Sources */ = {isa = PBXBuildFile; fileRef = B721CFB9287103C00008D00B /* LaunchView.swift */; };
		B7240F44287717F500179CA2 /* GoogleMobileAds in Frameworks */ = {isa = PBXBuildFile; productRef = B7240F43287717F500179CA2 /* GoogleMobileAds */; };
		B728C8EA2846CFB100AF822A /* SlidingObservationView.swift in Sources */ = {isa = PBXBuildFile; fileRef = B728C8E92846CFB100AF822A /* SlidingObservationView.swift */; };
		B728C8EC2847BD9000AF822A /* MapToolsView.swift in Sources */ = {isa = PBXBuildFile; fileRef = B728C8EB2847BD9000AF822A /* MapToolsView.swift */; };
		B728C8EE2847ECF100AF822A /* MapInformationView.swift in Sources */ = {isa = PBXBuildFile; fileRef = B728C8ED2847ECF100AF822A /* MapInformationView.swift */; };
		B728C8F02848240F00AF822A /* PreviewSlidingObservationView.swift in Sources */ = {isa = PBXBuildFile; fileRef = B728C8EF2848240F00AF822A /* PreviewSlidingObservationView.swift */; };
		B728C8F228482E6900AF822A /* StopRowView.swift in Sources */ = {isa = PBXBuildFile; fileRef = B728C8F128482E6900AF822A /* StopRowView.swift */; };
		B728C8F42848310F00AF822A /* StopLocationRowView.swift in Sources */ = {isa = PBXBuildFile; fileRef = B728C8F32848310F00AF822A /* StopLocationRowView.swift */; };
		B72987C127BB00CE006A3B17 /* LocationManager.swift in Sources */ = {isa = PBXBuildFile; fileRef = B72987C027BB00CE006A3B17 /* LocationManager.swift */; };
		B72987D627BE94AC006A3B17 /* FeedManager.swift in Sources */ = {isa = PBXBuildFile; fileRef = B72987D527BE94AB006A3B17 /* FeedManager.swift */; };
		B72987DA27BECAAB006A3B17 /* PostObservationView.swift in Sources */ = {isa = PBXBuildFile; fileRef = B72987D927BECAAB006A3B17 /* PostObservationView.swift */; };
		B72987DE27BFC610006A3B17 /* ScrollFeedView.swift in Sources */ = {isa = PBXBuildFile; fileRef = B72987DD27BFC610006A3B17 /* ScrollFeedView.swift */; };
		B72987E027BFD716006A3B17 /* Extensions.swift in Sources */ = {isa = PBXBuildFile; fileRef = B72987DF27BFD716006A3B17 /* Extensions.swift */; };
		B72987E227BFD756006A3B17 /* UtilityViews.swift in Sources */ = {isa = PBXBuildFile; fileRef = B72987E127BFD756006A3B17 /* UtilityViews.swift */; };
		B72BDA22283C591D00DC3F26 /* UporDownView.swift in Sources */ = {isa = PBXBuildFile; fileRef = B72BDA21283C591D00DC3F26 /* UporDownView.swift */; };
		B72BDA30283EFE6600DC3F26 /* LocationUtilites.swift in Sources */ = {isa = PBXBuildFile; fileRef = B72BDA2F283EFE6600DC3F26 /* LocationUtilites.swift */; };
		B72BDA322840267500DC3F26 /* PostingManager.swift in Sources */ = {isa = PBXBuildFile; fileRef = B72BDA312840267400DC3F26 /* PostingManager.swift */; };
		B739A40B284A949600677433 /* DetailMapView.swift in Sources */ = {isa = PBXBuildFile; fileRef = B739A40A284A949600677433 /* DetailMapView.swift */; };
		B739A40D284A94E100677433 /* DescriptionSlabView.swift in Sources */ = {isa = PBXBuildFile; fileRef = B739A40C284A94E100677433 /* DescriptionSlabView.swift */; };
		B739A40F284A976100677433 /* DescriptionObservationView.swift in Sources */ = {isa = PBXBuildFile; fileRef = B739A40E284A976100677433 /* DescriptionObservationView.swift */; };
		B739A413284C31B900677433 /* routes_for_stops.txt in Resources */ = {isa = PBXBuildFile; fileRef = B739A412284C31B900677433 /* routes_for_stops.txt */; };
		B739A415284C31DA00677433 /* stops.txt in Resources */ = {isa = PBXBuildFile; fileRef = B739A414284C31DA00677433 /* stops.txt */; };
		B739A417284D75DF00677433 /* PostingInformation.swift in Sources */ = {isa = PBXBuildFile; fileRef = B739A416284D75DF00677433 /* PostingInformation.swift */; };
		B739A419284D760D00677433 /* PostCreator.swift in Sources */ = {isa = PBXBuildFile; fileRef = B739A418284D760D00677433 /* PostCreator.swift */; };
		B739A41B284D764100677433 /* LocationSorter.swift in Sources */ = {isa = PBXBuildFile; fileRef = B739A41A284D764100677433 /* LocationSorter.swift */; };
		B739A41E284D802B00677433 /* Area.swift in Sources */ = {isa = PBXBuildFile; fileRef = B739A41D284D802B00677433 /* Area.swift */; };
		B739A421284E53EC00677433 /* FirebaseAuth in Frameworks */ = {isa = PBXBuildFile; productRef = B739A420284E53EC00677433 /* FirebaseAuth */; };
		B739A423284E53EC00677433 /* FirebaseFirestore in Frameworks */ = {isa = PBXBuildFile; productRef = B739A422284E53EC00677433 /* FirebaseFirestore */; };
		B739A425284E53EC00677433 /* FirebaseFunctions in Frameworks */ = {isa = PBXBuildFile; productRef = B739A424284E53EC00677433 /* FirebaseFunctions */; };
		B739A427284E554B00677433 /* GoogleService-Info.plist in Resources */ = {isa = PBXBuildFile; fileRef = B739A426284E554B00677433 /* GoogleService-Info.plist */; };
		B739A42A284E55B100677433 /* FirebaseAnalytics in Frameworks */ = {isa = PBXBuildFile; productRef = B739A429284E55B100677433 /* FirebaseAnalytics */; };
		B739A42D284EC5E000677433 /* FirebaseFirestoreSwift in Frameworks */ = {isa = PBXBuildFile; productRef = B739A42C284EC5E000677433 /* FirebaseFirestoreSwift */; };
		B739A42F2850225A00677433 /* Route.swift in Sources */ = {isa = PBXBuildFile; fileRef = B739A42E2850225A00677433 /* Route.swift */; };
		B739A4312850227D00677433 /* Stop.swift in Sources */ = {isa = PBXBuildFile; fileRef = B739A4302850227D00677433 /* Stop.swift */; };
		B739A4342850F4AE00677433 /* PreviewObservationView.swift in Sources */ = {isa = PBXBuildFile; fileRef = B739A4332850F4AE00677433 /* PreviewObservationView.swift */; };
		B739A4362851171B00677433 /* UserManager.swift in Sources */ = {isa = PBXBuildFile; fileRef = B739A4352851171A00677433 /* UserManager.swift */; };
		B74942E6284138CD00ECDEE3 /* PopUpManager.swift in Sources */ = {isa = PBXBuildFile; fileRef = B74942E5284138CD00ECDEE3 /* PopUpManager.swift */; };
		B74942EC2845913A00ECDEE3 /* PostMapAnnotationView.swift in Sources */ = {isa = PBXBuildFile; fileRef = B74942EB2845913A00ECDEE3 /* PostMapAnnotationView.swift */; };
		B74942F32846A2FF00ECDEE3 /* ObservationManager.swift in Sources */ = {isa = PBXBuildFile; fileRef = B74942F22846A2FF00ECDEE3 /* ObservationManager.swift */; };
		B7536E2327B5B32500C5AB50 /* MapView.swift in Sources */ = {isa = PBXBuildFile; fileRef = B7536E2227B5B32500C5AB50 /* MapView.swift */; };
		B7536E2B27B9336600C5AB50 /* FilterView.swift in Sources */ = {isa = PBXBuildFile; fileRef = B7536E2A27B9336600C5AB50 /* FilterView.swift */; };
		B7536E2D27B94DED00C5AB50 /* ListFeedView.swift in Sources */ = {isa = PBXBuildFile; fileRef = B7536E2C27B94DED00C5AB50 /* ListFeedView.swift */; };
		B7536E2F27B9752200C5AB50 /* AppBarView.swift in Sources */ = {isa = PBXBuildFile; fileRef = B7536E2E27B9752200C5AB50 /* AppBarView.swift */; };
		B7536E3327B98EB300C5AB50 /* FeedSearchView.swift in Sources */ = {isa = PBXBuildFile; fileRef = B7536E3227B98EB300C5AB50 /* FeedSearchView.swift */; };
		B7536E3927B9A0E500C5AB50 /* Observation.swift in Sources */ = {isa = PBXBuildFile; fileRef = B7536E3827B9A0E500C5AB50 /* Observation.swift */; };
		B7536E3B27B9A0FD00C5AB50 /* Feed.swift in Sources */ = {isa = PBXBuildFile; fileRef = B7536E3A27B9A0FD00C5AB50 /* Feed.swift */; };
		B7536E3F27B9A6D700C5AB50 /* User.swift in Sources */ = {isa = PBXBuildFile; fileRef = B7536E3E27B9A6D700C5AB50 /* User.swift */; };
		B75B14792807555F00D9F74B /* AppDelegate.swift in Sources */ = {isa = PBXBuildFile; fileRef = B75B14782807555F00D9F74B /* AppDelegate.swift */; };
		B75B147B28075BE500D9F74B /* LocationErrors.swift in Sources */ = {isa = PBXBuildFile; fileRef = B75B147A28075BE500D9F74B /* LocationErrors.swift */; };
		B75B147D2807626500D9F74B /* LocationErrorView.swift in Sources */ = {isa = PBXBuildFile; fileRef = B75B147C2807626500D9F74B /* LocationErrorView.swift */; };
		B76A612827B55720003D680E /* ObservationView.swift in Sources */ = {isa = PBXBuildFile; fileRef = B76A612727B55720003D680E /* ObservationView.swift */; };
		B77AB8F6287B1744007A8DB4 /* FlaggingReasonView.swift in Sources */ = {isa = PBXBuildFile; fileRef = B77AB8F5287B1744007A8DB4 /* FlaggingReasonView.swift */; };
		B77AB8F9287B46AA007A8DB4 /* DataController.swift in Sources */ = {isa = PBXBuildFile; fileRef = B77AB8F8287B46A9007A8DB4 /* DataController.swift */; };
		B77AB8FC287B4766007A8DB4 /* BusamigoLog.xcdatamodeld in Sources */ = {isa = PBXBuildFile; fileRef = B77AB8FA287B4766007A8DB4 /* BusamigoLog.xcdatamodeld */; };
		B77CDC90288A1DD6009EC457 /* Status.swift in Sources */ = {isa = PBXBuildFile; fileRef = B77CDC8F288A1DD6009EC457 /* Status.swift */; };
		B77CDC92288A219F009EC457 /* StatusView.swift in Sources */ = {isa = PBXBuildFile; fileRef = B77CDC91288A219F009EC457 /* StatusView.swift */; };
		B77CDC96288A2B55009EC457 /* NetworkErrorView.swift in Sources */ = {isa = PBXBuildFile; fileRef = B77CDC95288A2B55009EC457 /* NetworkErrorView.swift */; };
		B7966C8A27F4DFA700447352 /* FileManager.swift in Sources */ = {isa = PBXBuildFile; fileRef = B7966C8927F4DFA700447352 /* FileManager.swift */; };
		B797F5252801BF9E00CC2054 /* Filters.swift in Sources */ = {isa = PBXBuildFile; fileRef = B797F5242801BF9E00CC2054 /* Filters.swift */; };
		B797F5272802135500CC2054 /* UtilityFunctions.swift in Sources */ = {isa = PBXBuildFile; fileRef = B797F5262802135500CC2054 /* UtilityFunctions.swift */; };
		B797F52C2806D6BE00CC2054 /* HotSorting.swift in Sources */ = {isa = PBXBuildFile; fileRef = B797F52B2806D6BD00CC2054 /* HotSorting.swift */; };
		B7B88F5427EFE080008F2BF3 /* RouteSearchView.swift in Sources */ = {isa = PBXBuildFile; fileRef = B7B88F5327EFE080008F2BF3 /* RouteSearchView.swift */; };
		B7B88F5627EFE0A7008F2BF3 /* StopSearchView.swift in Sources */ = {isa = PBXBuildFile; fileRef = B7B88F5527EFE0A7008F2BF3 /* StopSearchView.swift */; };
		B7B88F5827F1C8D9008F2BF3 /* DetailView.swift in Sources */ = {isa = PBXBuildFile; fileRef = B7B88F5727F1C8D9008F2BF3 /* DetailView.swift */; };
		B7BF2C7827B422D2006B840E /* BusamigoApp.swift in Sources */ = {isa = PBXBuildFile; fileRef = B7BF2C7727B422D2006B840E /* BusamigoApp.swift */; };
		B7BF2C7A27B422D2006B840E /* BusamigoView.swift in Sources */ = {isa = PBXBuildFile; fileRef = B7BF2C7927B422D2006B840E /* BusamigoView.swift */; };
		B7BF2C7C27B422D4006B840E /* Assets.xcassets in Resources */ = {isa = PBXBuildFile; fileRef = B7BF2C7B27B422D4006B840E /* Assets.xcassets */; };
		B7BF2C7F27B422D4006B840E /* Preview Assets.xcassets in Resources */ = {isa = PBXBuildFile; fileRef = B7BF2C7E27B422D4006B840E /* Preview Assets.xcassets */; };
		B7BF2C8827B433A7006B840E /* FeedView.swift in Sources */ = {isa = PBXBuildFile; fileRef = B7BF2C8727B433A7006B840E /* FeedView.swift */; };
		B7BF2C8A27B44822006B840E /* ProfileView.swift in Sources */ = {isa = PBXBuildFile; fileRef = B7BF2C8927B44822006B840E /* ProfileView.swift */; };
		B7C1747E287E568600083C63 /* cursewords.txt in Resources */ = {isa = PBXBuildFile; fileRef = B7C1747D287E568600083C63 /* cursewords.txt */; };
		B7C17483287E594B00083C63 /* CurseWordFilter.swift in Sources */ = {isa = PBXBuildFile; fileRef = B7C17482287E594B00083C63 /* CurseWordFilter.swift */; };
		B7C17485287F213400083C63 /* RulesView.swift in Sources */ = {isa = PBXBuildFile; fileRef = B7C17484287F213400083C63 /* RulesView.swift */; };
		B7C1748D28806EDF00083C63 /* ProfileButtonManager.swift in Sources */ = {isa = PBXBuildFile; fileRef = B7C1748C28806EDF00083C63 /* ProfileButtonManager.swift */; };
		B7C1748F28807AB000083C63 /* BannerView.swift in Sources */ = {isa = PBXBuildFile; fileRef = B7C1748E28807AAF00083C63 /* BannerView.swift */; };
		B7C174912880BE0000083C63 /* AdStatus.swift in Sources */ = {isa = PBXBuildFile; fileRef = B7C174902880BE0000083C63 /* AdStatus.swift */; };
		B7C174952880BFCD00083C63 /* AdSizes.swift in Sources */ = {isa = PBXBuildFile; fileRef = B7C174942880BFCD00083C63 /* AdSizes.swift */; };
		B7C1749728831B4E00083C63 /* TrackingPermissionView.swift in Sources */ = {isa = PBXBuildFile; fileRef = B7C1749628831B4E00083C63 /* TrackingPermissionView.swift */; };
		B7F70FD7280B787200F8A71D /* ActivityIndicatorView.swift in Sources */ = {isa = PBXBuildFile; fileRef = B7F70FD6280B787200F8A71D /* ActivityIndicatorView.swift */; };
/* End PBXBuildFile section */

/* Begin PBXFileReference section */
		B704220428612AEC00D917E0 /* DetailMapAnnotationView.swift */ = {isa = PBXFileReference; lastKnownFileType = sourcecode.swift; path = DetailMapAnnotationView.swift; sourceTree = "<group>"; };
		B704220F28629B8F00D917E0 /* KarismaCalculator.swift */ = {isa = PBXFileReference; lastKnownFileType = sourcecode.swift; path = KarismaCalculator.swift; sourceTree = "<group>"; };
		B70422122863E42200D917E0 /* NewMapObservationView.swift */ = {isa = PBXFileReference; lastKnownFileType = sourcecode.swift; path = NewMapObservationView.swift; sourceTree = "<group>"; };
		B70604D928483DA8008D0930 /* StopChoiceSectionView.swift */ = {isa = PBXFileReference; lastKnownFileType = sourcecode.swift; path = StopChoiceSectionView.swift; sourceTree = "<group>"; };
		B70604DE2848412D008D0930 /* RouteRowView.swift */ = {isa = PBXFileReference; lastKnownFileType = sourcecode.swift; path = RouteRowView.swift; sourceTree = "<group>"; };
		B70604E02849278A008D0930 /* KarismaView.swift */ = {isa = PBXFileReference; lastKnownFileType = sourcecode.swift; path = KarismaView.swift; sourceTree = "<group>"; };
		B70604E228493E36008D0930 /* AboutView.swift */ = {isa = PBXFileReference; lastKnownFileType = sourcecode.swift; path = AboutView.swift; sourceTree = "<group>"; };
		B70604E428494499008D0930 /* TipsView.swift */ = {isa = PBXFileReference; lastKnownFileType = sourcecode.swift; path = TipsView.swift; sourceTree = "<group>"; };
		B70604EA28494AED008D0930 /* BusamigoTabView.swift */ = {isa = PBXFileReference; lastKnownFileType = sourcecode.swift; path = BusamigoTabView.swift; sourceTree = "<group>"; };
		B70604EC28495339008D0930 /* TabViewModel.swift */ = {isa = PBXFileReference; lastKnownFileType = sourcecode.swift; path = TabViewModel.swift; sourceTree = "<group>"; };
		B70604F22849842C008D0930 /* EmptyFeedView.swift */ = {isa = PBXFileReference; lastKnownFileType = sourcecode.swift; path = EmptyFeedView.swift; sourceTree = "<group>"; };
		B70604F428498D20008D0930 /* HomeButtonManager.swift */ = {isa = PBXFileReference; lastKnownFileType = sourcecode.swift; path = HomeButtonManager.swift; sourceTree = "<group>"; };
		B721CFA728652A920008D00B /* Busamigo.entitlements */ = {isa = PBXFileReference; lastKnownFileType = text.plist.entitlements; path = Busamigo.entitlements; sourceTree = "<group>"; };
		B721CFA828652C720008D00B /* AppDelegateExtensions.swift */ = {isa = PBXFileReference; lastKnownFileType = sourcecode.swift; path = AppDelegateExtensions.swift; sourceTree = "<group>"; };
		B721CFAA286D08390008D00B /* Network.swift */ = {isa = PBXFileReference; lastKnownFileType = sourcecode.swift; path = Network.swift; sourceTree = "<group>"; };
		B721CFAE286E22E30008D00B /* LaunchScreen.storyboard */ = {isa = PBXFileReference; lastKnownFileType = file.storyboard; path = LaunchScreen.storyboard; sourceTree = "<group>"; };
		B721CFB42870BC320008D00B /* WelcomeView.swift */ = {isa = PBXFileReference; lastKnownFileType = sourcecode.swift; path = WelcomeView.swift; sourceTree = "<group>"; };
		B721CFB62870C66B0008D00B /* SetupNotificationsView.swift */ = {isa = PBXFileReference; lastKnownFileType = sourcecode.swift; path = SetupNotificationsView.swift; sourceTree = "<group>"; };
		B721CFB9287103C00008D00B /* LaunchView.swift */ = {isa = PBXFileReference; lastKnownFileType = sourcecode.swift; path = LaunchView.swift; sourceTree = "<group>"; };
		B728C8E92846CFB100AF822A /* SlidingObservationView.swift */ = {isa = PBXFileReference; lastKnownFileType = sourcecode.swift; path = SlidingObservationView.swift; sourceTree = "<group>"; };
		B728C8EB2847BD9000AF822A /* MapToolsView.swift */ = {isa = PBXFileReference; lastKnownFileType = sourcecode.swift; path = MapToolsView.swift; sourceTree = "<group>"; };
		B728C8ED2847ECF100AF822A /* MapInformationView.swift */ = {isa = PBXFileReference; lastKnownFileType = sourcecode.swift; path = MapInformationView.swift; sourceTree = "<group>"; };
		B728C8EF2848240F00AF822A /* PreviewSlidingObservationView.swift */ = {isa = PBXFileReference; lastKnownFileType = sourcecode.swift; path = PreviewSlidingObservationView.swift; sourceTree = "<group>"; };
		B728C8F128482E6900AF822A /* StopRowView.swift */ = {isa = PBXFileReference; lastKnownFileType = sourcecode.swift; path = StopRowView.swift; sourceTree = "<group>"; };
		B728C8F32848310F00AF822A /* StopLocationRowView.swift */ = {isa = PBXFileReference; lastKnownFileType = sourcecode.swift; path = StopLocationRowView.swift; sourceTree = "<group>"; };
		B72987C027BB00CE006A3B17 /* LocationManager.swift */ = {isa = PBXFileReference; lastKnownFileType = sourcecode.swift; path = LocationManager.swift; sourceTree = "<group>"; };
		B72987D527BE94AB006A3B17 /* FeedManager.swift */ = {isa = PBXFileReference; lastKnownFileType = sourcecode.swift; path = FeedManager.swift; sourceTree = "<group>"; };
		B72987D927BECAAB006A3B17 /* PostObservationView.swift */ = {isa = PBXFileReference; lastKnownFileType = sourcecode.swift; path = PostObservationView.swift; sourceTree = "<group>"; };
		B72987DD27BFC610006A3B17 /* ScrollFeedView.swift */ = {isa = PBXFileReference; lastKnownFileType = sourcecode.swift; path = ScrollFeedView.swift; sourceTree = "<group>"; };
		B72987DF27BFD716006A3B17 /* Extensions.swift */ = {isa = PBXFileReference; lastKnownFileType = sourcecode.swift; path = Extensions.swift; sourceTree = "<group>"; };
		B72987E127BFD756006A3B17 /* UtilityViews.swift */ = {isa = PBXFileReference; lastKnownFileType = sourcecode.swift; path = UtilityViews.swift; sourceTree = "<group>"; };
		B72BDA21283C591D00DC3F26 /* UporDownView.swift */ = {isa = PBXFileReference; lastKnownFileType = sourcecode.swift; path = UporDownView.swift; sourceTree = "<group>"; };
		B72BDA2F283EFE6600DC3F26 /* LocationUtilites.swift */ = {isa = PBXFileReference; lastKnownFileType = sourcecode.swift; path = LocationUtilites.swift; sourceTree = "<group>"; };
		B72BDA312840267400DC3F26 /* PostingManager.swift */ = {isa = PBXFileReference; lastKnownFileType = sourcecode.swift; path = PostingManager.swift; sourceTree = "<group>"; };
		B739A40A284A949600677433 /* DetailMapView.swift */ = {isa = PBXFileReference; lastKnownFileType = sourcecode.swift; path = DetailMapView.swift; sourceTree = "<group>"; };
		B739A40C284A94E100677433 /* DescriptionSlabView.swift */ = {isa = PBXFileReference; lastKnownFileType = sourcecode.swift; path = DescriptionSlabView.swift; sourceTree = "<group>"; };
		B739A40E284A976100677433 /* DescriptionObservationView.swift */ = {isa = PBXFileReference; lastKnownFileType = sourcecode.swift; path = DescriptionObservationView.swift; sourceTree = "<group>"; };
		B739A412284C31B900677433 /* routes_for_stops.txt */ = {isa = PBXFileReference; fileEncoding = 4; lastKnownFileType = text; path = routes_for_stops.txt; sourceTree = "<group>"; };
		B739A414284C31DA00677433 /* stops.txt */ = {isa = PBXFileReference; fileEncoding = 4; lastKnownFileType = text; path = stops.txt; sourceTree = "<group>"; };
		B739A416284D75DF00677433 /* PostingInformation.swift */ = {isa = PBXFileReference; lastKnownFileType = sourcecode.swift; path = PostingInformation.swift; sourceTree = "<group>"; };
		B739A418284D760D00677433 /* PostCreator.swift */ = {isa = PBXFileReference; lastKnownFileType = sourcecode.swift; path = PostCreator.swift; sourceTree = "<group>"; };
		B739A41A284D764100677433 /* LocationSorter.swift */ = {isa = PBXFileReference; lastKnownFileType = sourcecode.swift; path = LocationSorter.swift; sourceTree = "<group>"; };
		B739A41D284D802B00677433 /* Area.swift */ = {isa = PBXFileReference; lastKnownFileType = sourcecode.swift; path = Area.swift; sourceTree = "<group>"; };
		B739A426284E554B00677433 /* GoogleService-Info.plist */ = {isa = PBXFileReference; fileEncoding = 4; lastKnownFileType = text.plist.xml; path = "GoogleService-Info.plist"; sourceTree = "<group>"; };
		B739A42E2850225A00677433 /* Route.swift */ = {isa = PBXFileReference; lastKnownFileType = sourcecode.swift; path = Route.swift; sourceTree = "<group>"; };
		B739A4302850227D00677433 /* Stop.swift */ = {isa = PBXFileReference; lastKnownFileType = sourcecode.swift; path = Stop.swift; sourceTree = "<group>"; };
		B739A4332850F4AE00677433 /* PreviewObservationView.swift */ = {isa = PBXFileReference; lastKnownFileType = sourcecode.swift; path = PreviewObservationView.swift; sourceTree = "<group>"; };
		B739A4352851171A00677433 /* UserManager.swift */ = {isa = PBXFileReference; lastKnownFileType = sourcecode.swift; path = UserManager.swift; sourceTree = "<group>"; };
		B74942E5284138CD00ECDEE3 /* PopUpManager.swift */ = {isa = PBXFileReference; lastKnownFileType = sourcecode.swift; path = PopUpManager.swift; sourceTree = "<group>"; };
		B74942EB2845913A00ECDEE3 /* PostMapAnnotationView.swift */ = {isa = PBXFileReference; lastKnownFileType = sourcecode.swift; path = PostMapAnnotationView.swift; sourceTree = "<group>"; };
		B74942F22846A2FF00ECDEE3 /* ObservationManager.swift */ = {isa = PBXFileReference; lastKnownFileType = sourcecode.swift; path = ObservationManager.swift; sourceTree = "<group>"; };
		B7536E2227B5B32500C5AB50 /* MapView.swift */ = {isa = PBXFileReference; lastKnownFileType = sourcecode.swift; path = MapView.swift; sourceTree = "<group>"; };
		B7536E2A27B9336600C5AB50 /* FilterView.swift */ = {isa = PBXFileReference; lastKnownFileType = sourcecode.swift; path = FilterView.swift; sourceTree = "<group>"; };
		B7536E2C27B94DED00C5AB50 /* ListFeedView.swift */ = {isa = PBXFileReference; lastKnownFileType = sourcecode.swift; path = ListFeedView.swift; sourceTree = "<group>"; };
		B7536E2E27B9752200C5AB50 /* AppBarView.swift */ = {isa = PBXFileReference; lastKnownFileType = sourcecode.swift; path = AppBarView.swift; sourceTree = "<group>"; };
		B7536E3227B98EB300C5AB50 /* FeedSearchView.swift */ = {isa = PBXFileReference; lastKnownFileType = sourcecode.swift; path = FeedSearchView.swift; sourceTree = "<group>"; };
		B7536E3827B9A0E500C5AB50 /* Observation.swift */ = {isa = PBXFileReference; lastKnownFileType = sourcecode.swift; path = Observation.swift; sourceTree = "<group>"; };
		B7536E3A27B9A0FD00C5AB50 /* Feed.swift */ = {isa = PBXFileReference; lastKnownFileType = sourcecode.swift; path = Feed.swift; sourceTree = "<group>"; };
		B7536E3E27B9A6D700C5AB50 /* User.swift */ = {isa = PBXFileReference; lastKnownFileType = sourcecode.swift; path = User.swift; sourceTree = "<group>"; };
		B75B14782807555F00D9F74B /* AppDelegate.swift */ = {isa = PBXFileReference; lastKnownFileType = sourcecode.swift; path = AppDelegate.swift; sourceTree = "<group>"; };
		B75B147A28075BE500D9F74B /* LocationErrors.swift */ = {isa = PBXFileReference; lastKnownFileType = sourcecode.swift; path = LocationErrors.swift; sourceTree = "<group>"; };
		B75B147C2807626500D9F74B /* LocationErrorView.swift */ = {isa = PBXFileReference; lastKnownFileType = sourcecode.swift; path = LocationErrorView.swift; sourceTree = "<group>"; };
		B76A612727B55720003D680E /* ObservationView.swift */ = {isa = PBXFileReference; lastKnownFileType = sourcecode.swift; path = ObservationView.swift; sourceTree = "<group>"; };
		B77AB8F5287B1744007A8DB4 /* FlaggingReasonView.swift */ = {isa = PBXFileReference; lastKnownFileType = sourcecode.swift; path = FlaggingReasonView.swift; sourceTree = "<group>"; };
		B77AB8F8287B46A9007A8DB4 /* DataController.swift */ = {isa = PBXFileReference; lastKnownFileType = sourcecode.swift; path = DataController.swift; sourceTree = "<group>"; };
		B77AB8FB287B4766007A8DB4 /* BusamigoLog.xcdatamodel */ = {isa = PBXFileReference; lastKnownFileType = wrapper.xcdatamodel; path = BusamigoLog.xcdatamodel; sourceTree = "<group>"; };
		B77CDC8F288A1DD6009EC457 /* Status.swift */ = {isa = PBXFileReference; lastKnownFileType = sourcecode.swift; path = Status.swift; sourceTree = "<group>"; };
		B77CDC91288A219F009EC457 /* StatusView.swift */ = {isa = PBXFileReference; lastKnownFileType = sourcecode.swift; path = StatusView.swift; sourceTree = "<group>"; };
		B77CDC95288A2B55009EC457 /* NetworkErrorView.swift */ = {isa = PBXFileReference; fileEncoding = 4; lastKnownFileType = sourcecode.swift; path = NetworkErrorView.swift; sourceTree = "<group>"; };
		B7966C8927F4DFA700447352 /* FileManager.swift */ = {isa = PBXFileReference; lastKnownFileType = sourcecode.swift; path = FileManager.swift; sourceTree = "<group>"; };
		B797F5242801BF9E00CC2054 /* Filters.swift */ = {isa = PBXFileReference; lastKnownFileType = sourcecode.swift; path = Filters.swift; sourceTree = "<group>"; };
		B797F5262802135500CC2054 /* UtilityFunctions.swift */ = {isa = PBXFileReference; lastKnownFileType = sourcecode.swift; path = UtilityFunctions.swift; sourceTree = "<group>"; };
		B797F52B2806D6BD00CC2054 /* HotSorting.swift */ = {isa = PBXFileReference; lastKnownFileType = sourcecode.swift; path = HotSorting.swift; sourceTree = "<group>"; };
		B7B88F5327EFE080008F2BF3 /* RouteSearchView.swift */ = {isa = PBXFileReference; lastKnownFileType = sourcecode.swift; path = RouteSearchView.swift; sourceTree = "<group>"; };
		B7B88F5527EFE0A7008F2BF3 /* StopSearchView.swift */ = {isa = PBXFileReference; lastKnownFileType = sourcecode.swift; path = StopSearchView.swift; sourceTree = "<group>"; };
		B7B88F5727F1C8D9008F2BF3 /* DetailView.swift */ = {isa = PBXFileReference; lastKnownFileType = sourcecode.swift; path = DetailView.swift; sourceTree = "<group>"; };
		B7BF2C7427B422D2006B840E /* Busamigo.app */ = {isa = PBXFileReference; explicitFileType = wrapper.application; includeInIndex = 0; path = Busamigo.app; sourceTree = BUILT_PRODUCTS_DIR; };
		B7BF2C7727B422D2006B840E /* BusamigoApp.swift */ = {isa = PBXFileReference; lastKnownFileType = sourcecode.swift; path = BusamigoApp.swift; sourceTree = "<group>"; };
		B7BF2C7927B422D2006B840E /* BusamigoView.swift */ = {isa = PBXFileReference; lastKnownFileType = sourcecode.swift; path = BusamigoView.swift; sourceTree = "<group>"; };
		B7BF2C7B27B422D4006B840E /* Assets.xcassets */ = {isa = PBXFileReference; lastKnownFileType = folder.assetcatalog; path = Assets.xcassets; sourceTree = "<group>"; };
		B7BF2C7E27B422D4006B840E /* Preview Assets.xcassets */ = {isa = PBXFileReference; lastKnownFileType = folder.assetcatalog; path = "Preview Assets.xcassets"; sourceTree = "<group>"; };
		B7BF2C8727B433A7006B840E /* FeedView.swift */ = {isa = PBXFileReference; lastKnownFileType = sourcecode.swift; path = FeedView.swift; sourceTree = "<group>"; };
		B7BF2C8927B44822006B840E /* ProfileView.swift */ = {isa = PBXFileReference; lastKnownFileType = sourcecode.swift; path = ProfileView.swift; sourceTree = "<group>"; };
		B7C1747D287E568600083C63 /* cursewords.txt */ = {isa = PBXFileReference; fileEncoding = 4; lastKnownFileType = text; path = cursewords.txt; sourceTree = "<group>"; };
		B7C17482287E594B00083C63 /* CurseWordFilter.swift */ = {isa = PBXFileReference; lastKnownFileType = sourcecode.swift; path = CurseWordFilter.swift; sourceTree = "<group>"; };
		B7C17484287F213400083C63 /* RulesView.swift */ = {isa = PBXFileReference; lastKnownFileType = sourcecode.swift; path = RulesView.swift; sourceTree = "<group>"; };
		B7C1748C28806EDF00083C63 /* ProfileButtonManager.swift */ = {isa = PBXFileReference; lastKnownFileType = sourcecode.swift; path = ProfileButtonManager.swift; sourceTree = "<group>"; };
		B7C1748E28807AAF00083C63 /* BannerView.swift */ = {isa = PBXFileReference; lastKnownFileType = sourcecode.swift; path = BannerView.swift; sourceTree = "<group>"; };
		B7C174902880BE0000083C63 /* AdStatus.swift */ = {isa = PBXFileReference; lastKnownFileType = sourcecode.swift; path = AdStatus.swift; sourceTree = "<group>"; };
		B7C174942880BFCD00083C63 /* AdSizes.swift */ = {isa = PBXFileReference; lastKnownFileType = sourcecode.swift; path = AdSizes.swift; sourceTree = "<group>"; };
		B7C1749628831B4E00083C63 /* TrackingPermissionView.swift */ = {isa = PBXFileReference; lastKnownFileType = sourcecode.swift; path = TrackingPermissionView.swift; sourceTree = "<group>"; };
		B7F70FD6280B787200F8A71D /* ActivityIndicatorView.swift */ = {isa = PBXFileReference; lastKnownFileType = sourcecode.swift; path = ActivityIndicatorView.swift; sourceTree = "<group>"; };
/* End PBXFileReference section */

/* Begin PBXFrameworksBuildPhase section */
		B7BF2C7127B422D2006B840E /* Frameworks */ = {
			isa = PBXFrameworksBuildPhase;
			buildActionMask = 2147483647;
			files = (
				B7042203285F58CD00D917E0 /* FirebaseMessaging in Frameworks */,
				B739A42D284EC5E000677433 /* FirebaseFirestoreSwift in Frameworks */,
				B739A425284E53EC00677433 /* FirebaseFunctions in Frameworks */,
				B739A421284E53EC00677433 /* FirebaseAuth in Frameworks */,
				B7240F44287717F500179CA2 /* GoogleMobileAds in Frameworks */,
				B739A42A284E55B100677433 /* FirebaseAnalytics in Frameworks */,
				B704220828614BC400D917E0 /* Shimmer in Frameworks */,
				B739A423284E53EC00677433 /* FirebaseFirestore in Frameworks */,
			);
			runOnlyForDeploymentPostprocessing = 0;
		};
/* End PBXFrameworksBuildPhase section */

/* Begin PBXGroup section */
		B704220928628F8200D917E0 /* StatusViews */ = {
			isa = PBXGroup;
			children = (
				B75B147C2807626500D9F74B /* LocationErrorView.swift */,
				B77CDC95288A2B55009EC457 /* NetworkErrorView.swift */,
				B70604F22849842C008D0930 /* EmptyFeedView.swift */,
				B77CDC8F288A1DD6009EC457 /* Status.swift */,
				B77CDC91288A219F009EC457 /* StatusView.swift */,
			);
			path = StatusViews;
			sourceTree = "<group>";
		};
		B704220C28629AFC00D917E0 /* Algorithms */ = {
			isa = PBXGroup;
			children = (
				B797F52B2806D6BD00CC2054 /* HotSorting.swift */,
				B704220F28629B8F00D917E0 /* KarismaCalculator.swift */,
			);
			path = Algorithms;
			sourceTree = "<group>";
		};
		B70422112863E3B600D917E0 /* MapObservationViews */ = {
			isa = PBXGroup;
			children = (
				B728C8EF2848240F00AF822A /* PreviewSlidingObservationView.swift */,
				B728C8E92846CFB100AF822A /* SlidingObservationView.swift */,
			);
			path = MapObservationViews;
			sourceTree = "<group>";
		};
		B70604D728483AB5008D0930 /* StopViews */ = {
			isa = PBXGroup;
			children = (
				B7B88F5527EFE0A7008F2BF3 /* StopSearchView.swift */,
				B728C8F32848310F00AF822A /* StopLocationRowView.swift */,
				B728C8F128482E6900AF822A /* StopRowView.swift */,
				B70604D928483DA8008D0930 /* StopChoiceSectionView.swift */,
			);
			path = StopViews;
			sourceTree = "<group>";
		};
		B70604DD28484117008D0930 /* RouteViews */ = {
			isa = PBXGroup;
			children = (
				B7B88F5327EFE080008F2BF3 /* RouteSearchView.swift */,
				B70604DE2848412D008D0930 /* RouteRowView.swift */,
			);
			path = RouteViews;
			sourceTree = "<group>";
		};
		B70604E628494919008D0930 /* Main */ = {
			isa = PBXGroup;
			children = (
				B739A41C284D766C00677433 /* Models */,
				B70604E728494957008D0930 /* ViewModels */,
				B70604E82849498F008D0930 /* Views */,
			);
			path = Main;
			sourceTree = "<group>";
		};
		B70604E728494957008D0930 /* ViewModels */ = {
			isa = PBXGroup;
			children = (
				B72987D527BE94AB006A3B17 /* FeedManager.swift */,
				B72987C027BB00CE006A3B17 /* LocationManager.swift */,
				B739A4352851171A00677433 /* UserManager.swift */,
				B721CFAA286D08390008D00B /* Network.swift */,
			);
			path = ViewModels;
			sourceTree = "<group>";
		};
		B70604E82849498F008D0930 /* Views */ = {
			isa = PBXGroup;
			children = (
				B721CFBB287103C80008D00B /* Launch */,
				B7BF2C7927B422D2006B840E /* BusamigoView.swift */,
			);
			path = Views;
			sourceTree = "<group>";
		};
		B70A762927EFDFDD00CE63D6 /* SearchViews */ = {
			isa = PBXGroup;
			children = (
				B7536E3227B98EB300C5AB50 /* FeedSearchView.swift */,
				B7536E2C27B94DED00C5AB50 /* ListFeedView.swift */,
			);
			path = SearchViews;
			sourceTree = "<group>";
		};
		B721CFB02870BB8E0008D00B /* Setup */ = {
			isa = PBXGroup;
			children = (
				B721CFB32870BBD90008D00B /* Views */,
			);
			path = Setup;
			sourceTree = "<group>";
		};
		B721CFB32870BBD90008D00B /* Views */ = {
			isa = PBXGroup;
			children = (
				B721CFB42870BC320008D00B /* WelcomeView.swift */,
				B721CFB62870C66B0008D00B /* SetupNotificationsView.swift */,
				B7C17484287F213400083C63 /* RulesView.swift */,
				B7C1749628831B4E00083C63 /* TrackingPermissionView.swift */,
			);
			path = Views;
			sourceTree = "<group>";
		};
		B721CFBB287103C80008D00B /* Launch */ = {
			isa = PBXGroup;
			children = (
				B721CFAE286E22E30008D00B /* LaunchScreen.storyboard */,
				B721CFB9287103C00008D00B /* LaunchView.swift */,
			);
			path = Launch;
			sourceTree = "<group>";
		};
		B7240F4528774E6200179CA2 /* AppDelegate */ = {
			isa = PBXGroup;
			children = (
				B75B14782807555F00D9F74B /* AppDelegate.swift */,
				B721CFA828652C720008D00B /* AppDelegateExtensions.swift */,
			);
			path = AppDelegate;
			sourceTree = "<group>";
		};
		B7240F4728774EAE00179CA2 /* ViewModels */ = {
			isa = PBXGroup;
			children = (
				B70604EC28495339008D0930 /* TabViewModel.swift */,
			);
			path = ViewModels;
			sourceTree = "<group>";
		};
		B7240F4828774EBC00179CA2 /* Views */ = {
			isa = PBXGroup;
			children = (
				B70604EA28494AED008D0930 /* BusamigoTabView.swift */,
			);
			path = Views;
			sourceTree = "<group>";
		};
		B72987C227BB01A4006A3B17 /* Utilities */ = {
			isa = PBXGroup;
			children = (
				B77AB8F7287B4688007A8DB4 /* Storage */,
				B7240F4528774E6200179CA2 /* AppDelegate */,
				B7966C8927F4DFA700447352 /* FileManager.swift */,
				B72987E127BFD756006A3B17 /* UtilityViews.swift */,
				B797F5262802135500CC2054 /* UtilityFunctions.swift */,
				B72987DF27BFD716006A3B17 /* Extensions.swift */,
			);
			path = Utilities;
			sourceTree = "<group>";
		};
		B72987CE27BC6DE4006A3B17 /* TransportData */ = {
			isa = PBXGroup;
			children = (
				B72987CF27BC6E41006A3B17 /* Atb */,
			);
			path = TransportData;
			sourceTree = "<group>";
		};
		B72987CF27BC6E41006A3B17 /* Atb */ = {
			isa = PBXGroup;
			children = (
				B739A412284C31B900677433 /* routes_for_stops.txt */,
				B739A414284C31DA00677433 /* stops.txt */,
			);
			path = Atb;
			sourceTree = "<group>";
		};
		B72BDA2E283DA41100DC3F26 /* PostingViews */ = {
			isa = PBXGroup;
			children = (
				B70604DD28484117008D0930 /* RouteViews */,
				B70604D728483AB5008D0930 /* StopViews */,
				B72987D927BECAAB006A3B17 /* PostObservationView.swift */,
			);
			path = PostingViews;
			sourceTree = "<group>";
		};
		B739A409284A946D00677433 /* DetailViews */ = {
			isa = PBXGroup;
			children = (
				B7B88F5727F1C8D9008F2BF3 /* DetailView.swift */,
				B739A40A284A949600677433 /* DetailMapView.swift */,
				B704220428612AEC00D917E0 /* DetailMapAnnotationView.swift */,
				B739A40C284A94E100677433 /* DescriptionSlabView.swift */,
				B739A40E284A976100677433 /* DescriptionObservationView.swift */,
				B77AB8F5287B1744007A8DB4 /* FlaggingReasonView.swift */,
			);
			path = DetailViews;
			sourceTree = "<group>";
		};
		B739A41C284D766C00677433 /* Models */ = {
			isa = PBXGroup;
			children = (
				B7536E3A27B9A0FD00C5AB50 /* Feed.swift */,
				B7536E3827B9A0E500C5AB50 /* Observation.swift */,
				B7536E3E27B9A6D700C5AB50 /* User.swift */,
				B739A41D284D802B00677433 /* Area.swift */,
				B739A42E2850225A00677433 /* Route.swift */,
				B739A4302850227D00677433 /* Stop.swift */,
			);
			path = Models;
			sourceTree = "<group>";
		};
		B739A432285022E200677433 /* TabBar */ = {
			isa = PBXGroup;
			children = (
				B7240F4728774EAE00179CA2 /* ViewModels */,
				B7240F4828774EBC00179CA2 /* Views */,
			);
			path = TabBar;
			sourceTree = "<group>";
		};
		B74942ED284698AA00ECDEE3 /* Views */ = {
			isa = PBXGroup;
			children = (
				B70422112863E3B600D917E0 /* MapObservationViews */,
				B7536E2227B5B32500C5AB50 /* MapView.swift */,
				B74942EB2845913A00ECDEE3 /* PostMapAnnotationView.swift */,
				B728C8EB2847BD9000AF822A /* MapToolsView.swift */,
				B728C8ED2847ECF100AF822A /* MapInformationView.swift */,
				B70422122863E42200D917E0 /* NewMapObservationView.swift */,
			);
			path = Views;
			sourceTree = "<group>";
		};
		B74942EF28469BBE00ECDEE3 /* ViewModels */ = {
			isa = PBXGroup;
			children = (
				B74942F22846A2FF00ECDEE3 /* ObservationManager.swift */,
			);
			path = ViewModels;
			sourceTree = "<group>";
		};
		B7536E2627B6B16B00C5AB50 /* Feed */ = {
			isa = PBXGroup;
			children = (
				B7536E3727B99F7C00C5AB50 /* Models */,
				B7536E3427B9972900C5AB50 /* ViewModels */,
				B7536E2727B6B1BB00C5AB50 /* Views */,
			);
			path = Feed;
			sourceTree = "<group>";
		};
		B7536E2727B6B1BB00C5AB50 /* Views */ = {
			isa = PBXGroup;
			children = (
				B7BD43312871E65C00598A3F /* Ads */,
				B76A612927B55F34003D680E /* ObservationViews */,
				B72BDA2E283DA41100DC3F26 /* PostingViews */,
				B70A762927EFDFDD00CE63D6 /* SearchViews */,
				B739A409284A946D00677433 /* DetailViews */,
				B704220928628F8200D917E0 /* StatusViews */,
				B7BF2C8727B433A7006B840E /* FeedView.swift */,
				B72987DD27BFC610006A3B17 /* ScrollFeedView.swift */,
				B7F70FD6280B787200F8A71D /* ActivityIndicatorView.swift */,
				B7536E2E27B9752200C5AB50 /* AppBarView.swift */,
				B7536E2A27B9336600C5AB50 /* FilterView.swift */,
			);
			path = Views;
			sourceTree = "<group>";
		};
		B7536E2827B6B1E100C5AB50 /* Profile */ = {
			isa = PBXGroup;
			children = (
				B7C1748A28806E7300083C63 /* ViewModels */,
				B7C1748B28806E9E00083C63 /* Views */,
			);
			path = Profile;
			sourceTree = "<group>";
		};
		B7536E2927B6B1F100C5AB50 /* Map */ = {
			isa = PBXGroup;
			children = (
				B74942EF28469BBE00ECDEE3 /* ViewModels */,
				B74942ED284698AA00ECDEE3 /* Views */,
			);
			path = Map;
			sourceTree = "<group>";
		};
		B7536E3427B9972900C5AB50 /* ViewModels */ = {
			isa = PBXGroup;
			children = (
				B70604F428498D20008D0930 /* HomeButtonManager.swift */,
				B72BDA2F283EFE6600DC3F26 /* LocationUtilites.swift */,
				B72BDA312840267400DC3F26 /* PostingManager.swift */,
				B74942E5284138CD00ECDEE3 /* PopUpManager.swift */,
			);
			path = ViewModels;
			sourceTree = "<group>";
		};
		B7536E3727B99F7C00C5AB50 /* Models */ = {
			isa = PBXGroup;
			children = (
				B797F5242801BF9E00CC2054 /* Filters.swift */,
				B75B147A28075BE500D9F74B /* LocationErrors.swift */,
				B739A416284D75DF00677433 /* PostingInformation.swift */,
				B739A418284D760D00677433 /* PostCreator.swift */,
				B739A41A284D764100677433 /* LocationSorter.swift */,
				B7C17482287E594B00083C63 /* CurseWordFilter.swift */,
			);
			path = Models;
			sourceTree = "<group>";
		};
		B76A612927B55F34003D680E /* ObservationViews */ = {
			isa = PBXGroup;
			children = (
				B76A612727B55720003D680E /* ObservationView.swift */,
				B72BDA21283C591D00DC3F26 /* UporDownView.swift */,
				B739A4332850F4AE00677433 /* PreviewObservationView.swift */,
			);
			path = ObservationViews;
			sourceTree = "<group>";
		};
		B77AB8F7287B4688007A8DB4 /* Storage */ = {
			isa = PBXGroup;
			children = (
				B77AB8F8287B46A9007A8DB4 /* DataController.swift */,
				B77AB8FA287B4766007A8DB4 /* BusamigoLog.xcdatamodeld */,
			);
			path = Storage;
			sourceTree = "<group>";
		};
		B7BD43312871E65C00598A3F /* Ads */ = {
			isa = PBXGroup;
			children = (
				B7C1748E28807AAF00083C63 /* BannerView.swift */,
				B7C174902880BE0000083C63 /* AdStatus.swift */,
				B7C174942880BFCD00083C63 /* AdSizes.swift */,
			);
			path = Ads;
			sourceTree = "<group>";
		};
		B7BF2C6B27B422D2006B840E = {
			isa = PBXGroup;
			children = (
				B7BF2C7627B422D2006B840E /* Busamigo */,
				B7BF2C7527B422D2006B840E /* Products */,
			);
			sourceTree = "<group>";
		};
		B7BF2C7527B422D2006B840E /* Products */ = {
			isa = PBXGroup;
			children = (
				B7BF2C7427B422D2006B840E /* Busamigo.app */,
			);
			name = Products;
			sourceTree = "<group>";
		};
		B7BF2C7627B422D2006B840E /* Busamigo */ = {
			isa = PBXGroup;
			children = (
				B721CFA728652A920008D00B /* Busamigo.entitlements */,
				B739A426284E554B00677433 /* GoogleService-Info.plist */,
				B70604E628494919008D0930 /* Main */,
				B7536E2627B6B16B00C5AB50 /* Feed */,
				B7536E2927B6B1F100C5AB50 /* Map */,
				B7536E2827B6B1E100C5AB50 /* Profile */,
				B721CFB02870BB8E0008D00B /* Setup */,
				B739A432285022E200677433 /* TabBar */,
				B704220C28629AFC00D917E0 /* Algorithms */,
				B72987C227BB01A4006A3B17 /* Utilities */,
				B72987CE27BC6DE4006A3B17 /* TransportData */,
				B7C1747C287E567100083C63 /* Extra */,
				B7BF2C7727B422D2006B840E /* BusamigoApp.swift */,
				B7BF2C7B27B422D4006B840E /* Assets.xcassets */,
				B7BF2C7D27B422D4006B840E /* Preview Content */,
			);
			path = Busamigo;
			sourceTree = "<group>";
		};
		B7BF2C7D27B422D4006B840E /* Preview Content */ = {
			isa = PBXGroup;
			children = (
				B7BF2C7E27B422D4006B840E /* Preview Assets.xcassets */,
			);
			path = "Preview Content";
			sourceTree = "<group>";
		};
		B7C1747C287E567100083C63 /* Extra */ = {
			isa = PBXGroup;
			children = (
				B7C1747D287E568600083C63 /* cursewords.txt */,
			);
			path = Extra;
			sourceTree = "<group>";
		};
		B7C1748A28806E7300083C63 /* ViewModels */ = {
			isa = PBXGroup;
			children = (
				B7C1748C28806EDF00083C63 /* ProfileButtonManager.swift */,
			);
			path = ViewModels;
			sourceTree = "<group>";
		};
		B7C1748B28806E9E00083C63 /* Views */ = {
			isa = PBXGroup;
			children = (
				B7BF2C8927B44822006B840E /* ProfileView.swift */,
				B70604E02849278A008D0930 /* KarismaView.swift */,
				B70604E228493E36008D0930 /* AboutView.swift */,
				B70604E428494499008D0930 /* TipsView.swift */,
			);
			path = Views;
			sourceTree = "<group>";
		};
/* End PBXGroup section */

/* Begin PBXNativeTarget section */
		B7BF2C7327B422D2006B840E /* Busamigo */ = {
			isa = PBXNativeTarget;
			buildConfigurationList = B7BF2C8227B422D4006B840E /* Build configuration list for PBXNativeTarget "Busamigo" */;
			buildPhases = (
				B7BF2C7027B422D2006B840E /* Sources */,
				B7BF2C7127B422D2006B840E /* Frameworks */,
				B7BF2C7227B422D2006B840E /* Resources */,
			);
			buildRules = (
			);
			dependencies = (
			);
			name = Busamigo;
			packageProductDependencies = (
				B739A420284E53EC00677433 /* FirebaseAuth */,
				B739A422284E53EC00677433 /* FirebaseFirestore */,
				B739A424284E53EC00677433 /* FirebaseFunctions */,
				B739A429284E55B100677433 /* FirebaseAnalytics */,
				B739A42C284EC5E000677433 /* FirebaseFirestoreSwift */,
				B7042202285F58CD00D917E0 /* FirebaseMessaging */,
				B704220728614BC400D917E0 /* Shimmer */,
				B7240F43287717F500179CA2 /* GoogleMobileAds */,
			);
			productName = Busamigo;
			productReference = B7BF2C7427B422D2006B840E /* Busamigo.app */;
			productType = "com.apple.product-type.application";
		};
/* End PBXNativeTarget section */

/* Begin PBXProject section */
		B7BF2C6C27B422D2006B840E /* Project object */ = {
			isa = PBXProject;
			attributes = {
				BuildIndependentTargetsInParallel = 1;
				LastSwiftUpdateCheck = 1320;
				LastUpgradeCheck = 1320;
				TargetAttributes = {
					B7BF2C7327B422D2006B840E = {
						CreatedOnToolsVersion = 13.2.1;
					};
				};
			};
			buildConfigurationList = B7BF2C6F27B422D2006B840E /* Build configuration list for PBXProject "Busamigo" */;
			compatibilityVersion = "Xcode 13.0";
			developmentRegion = en;
			hasScannedForEncodings = 0;
			knownRegions = (
				en,
				Base,
				nb,
			);
			mainGroup = B7BF2C6B27B422D2006B840E;
			packageReferences = (
				B739A41F284E53EC00677433 /* XCRemoteSwiftPackageReference "firebase-ios-sdk" */,
				B739A428284E55B100677433 /* XCRemoteSwiftPackageReference "firebase-ios-sdk" */,
				B739A42B284EC5E000677433 /* XCRemoteSwiftPackageReference "firebase-ios-sdk" */,
				B7042201285F58CD00D917E0 /* XCRemoteSwiftPackageReference "firebase-ios-sdk" */,
				B704220628614BC400D917E0 /* XCRemoteSwiftPackageReference "SwiftUI-Shimmer" */,
				B7240F42287717F500179CA2 /* XCRemoteSwiftPackageReference "swift-package-manager-google-mobile-ads" */,
			);
			productRefGroup = B7BF2C7527B422D2006B840E /* Products */;
			projectDirPath = "";
			projectRoot = "";
			targets = (
				B7BF2C7327B422D2006B840E /* Busamigo */,
			);
		};
/* End PBXProject section */

/* Begin PBXResourcesBuildPhase section */
		B7BF2C7227B422D2006B840E /* Resources */ = {
			isa = PBXResourcesBuildPhase;
			buildActionMask = 2147483647;
			files = (
				B7BF2C7F27B422D4006B840E /* Preview Assets.xcassets in Resources */,
				B739A415284C31DA00677433 /* stops.txt in Resources */,
				B7BF2C7C27B422D4006B840E /* Assets.xcassets in Resources */,
				B721CFAF286E22E30008D00B /* LaunchScreen.storyboard in Resources */,
				B7C1747E287E568600083C63 /* cursewords.txt in Resources */,
				B739A413284C31B900677433 /* routes_for_stops.txt in Resources */,
				B739A427284E554B00677433 /* GoogleService-Info.plist in Resources */,
			);
			runOnlyForDeploymentPostprocessing = 0;
		};
/* End PBXResourcesBuildPhase section */

/* Begin PBXSourcesBuildPhase section */
		B7BF2C7027B422D2006B840E /* Sources */ = {
			isa = PBXSourcesBuildPhase;
			buildActionMask = 2147483647;
			files = (
				B72987C127BB00CE006A3B17 /* LocationManager.swift in Sources */,
				B72987DA27BECAAB006A3B17 /* PostObservationView.swift in Sources */,
				B7966C8A27F4DFA700447352 /* FileManager.swift in Sources */,
				B7536E3B27B9A0FD00C5AB50 /* Feed.swift in Sources */,
				B70604F528498D20008D0930 /* HomeButtonManager.swift in Sources */,
				B728C8F02848240F00AF822A /* PreviewSlidingObservationView.swift in Sources */,
				B728C8EA2846CFB100AF822A /* SlidingObservationView.swift in Sources */,
				B75B147B28075BE500D9F74B /* LocationErrors.swift in Sources */,
				B739A419284D760D00677433 /* PostCreator.swift in Sources */,
				B77AB8FC287B4766007A8DB4 /* BusamigoLog.xcdatamodeld in Sources */,
				B721CFBA287103C00008D00B /* LaunchView.swift in Sources */,
				B739A4362851171B00677433 /* UserManager.swift in Sources */,
				B72987D627BE94AC006A3B17 /* FeedManager.swift in Sources */,
				B7F70FD7280B787200F8A71D /* ActivityIndicatorView.swift in Sources */,
				B72987DE27BFC610006A3B17 /* ScrollFeedView.swift in Sources */,
				B70422132863E42200D917E0 /* NewMapObservationView.swift in Sources */,
				B76A612827B55720003D680E /* ObservationView.swift in Sources */,
				B739A40F284A976100677433 /* DescriptionObservationView.swift in Sources */,
				B7536E2D27B94DED00C5AB50 /* ListFeedView.swift in Sources */,
				B739A41B284D764100677433 /* LocationSorter.swift in Sources */,
				B70604DF2848412D008D0930 /* RouteRowView.swift in Sources */,
				B739A4312850227D00677433 /* Stop.swift in Sources */,
				B7C17485287F213400083C63 /* RulesView.swift in Sources */,
				B72987E027BFD716006A3B17 /* Extensions.swift in Sources */,
				B7C17483287E594B00083C63 /* CurseWordFilter.swift in Sources */,
				B739A40D284A94E100677433 /* DescriptionSlabView.swift in Sources */,
				B739A41E284D802B00677433 /* Area.swift in Sources */,
				B70604DA28483DA8008D0930 /* StopChoiceSectionView.swift in Sources */,
				B739A4342850F4AE00677433 /* PreviewObservationView.swift in Sources */,
				B721CFB72870C66C0008D00B /* SetupNotificationsView.swift in Sources */,
				B739A40B284A949600677433 /* DetailMapView.swift in Sources */,
				B704220528612AEC00D917E0 /* DetailMapAnnotationView.swift in Sources */,
				B7C174912880BE0000083C63 /* AdStatus.swift in Sources */,
				B70604EB28494AED008D0930 /* BusamigoTabView.swift in Sources */,
				B7C1748D28806EDF00083C63 /* ProfileButtonManager.swift in Sources */,
				B70604E12849278B008D0930 /* KarismaView.swift in Sources */,
				B7B88F5627EFE0A7008F2BF3 /* StopSearchView.swift in Sources */,
				B704221028629B8F00D917E0 /* KarismaCalculator.swift in Sources */,
				B728C8EE2847ECF100AF822A /* MapInformationView.swift in Sources */,
				B7536E2B27B9336600C5AB50 /* FilterView.swift in Sources */,
				B77AB8F9287B46AA007A8DB4 /* DataController.swift in Sources */,
				B77CDC90288A1DD6009EC457 /* Status.swift in Sources */,
				B7536E3F27B9A6D700C5AB50 /* User.swift in Sources */,
				B7BF2C8A27B44822006B840E /* ProfileView.swift in Sources */,
				B7BF2C7A27B422D2006B840E /* BusamigoView.swift in Sources */,
				B74942E6284138CD00ECDEE3 /* PopUpManager.swift in Sources */,
				B728C8F228482E6900AF822A /* StopRowView.swift in Sources */,
				B721CFAB286D083A0008D00B /* Network.swift in Sources */,
				B728C8F42848310F00AF822A /* StopLocationRowView.swift in Sources */,
				B739A42F2850225A00677433 /* Route.swift in Sources */,
				B7C1749728831B4E00083C63 /* TrackingPermissionView.swift in Sources */,
				B72BDA30283EFE6600DC3F26 /* LocationUtilites.swift in Sources */,
				B77AB8F6287B1744007A8DB4 /* FlaggingReasonView.swift in Sources */,
				B70604ED28495339008D0930 /* TabViewModel.swift in Sources */,
				B72BDA22283C591D00DC3F26 /* UporDownView.swift in Sources */,
				B70604E328493E36008D0930 /* AboutView.swift in Sources */,
				B72987E227BFD756006A3B17 /* UtilityViews.swift in Sources */,
				B7C174952880BFCD00083C63 /* AdSizes.swift in Sources */,
				B797F5272802135500CC2054 /* UtilityFunctions.swift in Sources */,
				B797F5252801BF9E00CC2054 /* Filters.swift in Sources */,
				B739A417284D75DF00677433 /* PostingInformation.swift in Sources */,
				B7B88F5427EFE080008F2BF3 /* RouteSearchView.swift in Sources */,
				B72BDA322840267500DC3F26 /* PostingManager.swift in Sources */,
				B77CDC92288A219F009EC457 /* StatusView.swift in Sources */,
				B75B147D2807626500D9F74B /* LocationErrorView.swift in Sources */,
				B74942F32846A2FF00ECDEE3 /* ObservationManager.swift in Sources */,
				B7BF2C8827B433A7006B840E /* FeedView.swift in Sources */,
				B7B88F5827F1C8D9008F2BF3 /* DetailView.swift in Sources */,
				B721CFA928652C720008D00B /* AppDelegateExtensions.swift in Sources */,
				B7C1748F28807AB000083C63 /* BannerView.swift in Sources */,
				B75B14792807555F00D9F74B /* AppDelegate.swift in Sources */,
				B797F52C2806D6BE00CC2054 /* HotSorting.swift in Sources */,
				B70604E528494499008D0930 /* TipsView.swift in Sources */,
				B7536E3327B98EB300C5AB50 /* FeedSearchView.swift in Sources */,
				B7536E2327B5B32500C5AB50 /* MapView.swift in Sources */,
				B77CDC96288A2B55009EC457 /* NetworkErrorView.swift in Sources */,
				B70604F32849842C008D0930 /* EmptyFeedView.swift in Sources */,
				B74942EC2845913A00ECDEE3 /* PostMapAnnotationView.swift in Sources */,
				B7536E2F27B9752200C5AB50 /* AppBarView.swift in Sources */,
				B721CFB52870BC320008D00B /* WelcomeView.swift in Sources */,
				B7536E3927B9A0E500C5AB50 /* Observation.swift in Sources */,
				B728C8EC2847BD9000AF822A /* MapToolsView.swift in Sources */,
				B7BF2C7827B422D2006B840E /* BusamigoApp.swift in Sources */,
			);
			runOnlyForDeploymentPostprocessing = 0;
		};
/* End PBXSourcesBuildPhase section */

/* Begin XCBuildConfiguration section */
		B7BF2C8027B422D4006B840E /* Debug */ = {
			isa = XCBuildConfiguration;
			buildSettings = {
				ALWAYS_EMBED_SWIFT_STANDARD_LIBRARIES = YES;
				ALWAYS_SEARCH_USER_PATHS = NO;
				CLANG_ANALYZER_NONNULL = YES;
				CLANG_ANALYZER_NUMBER_OBJECT_CONVERSION = YES_AGGRESSIVE;
				CLANG_CXX_LANGUAGE_STANDARD = "gnu++17";
				CLANG_CXX_LIBRARY = "libc++";
				CLANG_ENABLE_MODULES = YES;
				CLANG_ENABLE_OBJC_ARC = YES;
				CLANG_ENABLE_OBJC_WEAK = YES;
				CLANG_WARN_BLOCK_CAPTURE_AUTORELEASING = YES;
				CLANG_WARN_BOOL_CONVERSION = YES;
				CLANG_WARN_COMMA = YES;
				CLANG_WARN_CONSTANT_CONVERSION = YES;
				CLANG_WARN_DEPRECATED_OBJC_IMPLEMENTATIONS = YES;
				CLANG_WARN_DIRECT_OBJC_ISA_USAGE = YES_ERROR;
				CLANG_WARN_DOCUMENTATION_COMMENTS = YES;
				CLANG_WARN_EMPTY_BODY = YES;
				CLANG_WARN_ENUM_CONVERSION = YES;
				CLANG_WARN_INFINITE_RECURSION = YES;
				CLANG_WARN_INT_CONVERSION = YES;
				CLANG_WARN_NON_LITERAL_NULL_CONVERSION = YES;
				CLANG_WARN_OBJC_IMPLICIT_RETAIN_SELF = YES;
				CLANG_WARN_OBJC_LITERAL_CONVERSION = YES;
				CLANG_WARN_OBJC_ROOT_CLASS = YES_ERROR;
				CLANG_WARN_QUOTED_INCLUDE_IN_FRAMEWORK_HEADER = YES;
				CLANG_WARN_RANGE_LOOP_ANALYSIS = YES;
				CLANG_WARN_STRICT_PROTOTYPES = YES;
				CLANG_WARN_SUSPICIOUS_MOVE = YES;
				CLANG_WARN_UNGUARDED_AVAILABILITY = YES_AGGRESSIVE;
				CLANG_WARN_UNREACHABLE_CODE = YES;
				CLANG_WARN__DUPLICATE_METHOD_MATCH = YES;
				COPY_PHASE_STRIP = NO;
				DEBUG_INFORMATION_FORMAT = dwarf;
				ENABLE_STRICT_OBJC_MSGSEND = YES;
				ENABLE_TESTABILITY = YES;
				"EXCLUDED_ARCHS[sdk=iphonesimulator*]" = arm64;
				FRAMEWORK_SEARCH_PATHS = "$(SRCROOT)/**";
				GCC_C_LANGUAGE_STANDARD = gnu11;
				GCC_DYNAMIC_NO_PIC = NO;
				GCC_NO_COMMON_BLOCKS = YES;
				GCC_OPTIMIZATION_LEVEL = 0;
				GCC_PREPROCESSOR_DEFINITIONS = (
					"DEBUG=1",
					"$(inherited)",
				);
				GCC_WARN_64_TO_32_BIT_CONVERSION = YES;
				GCC_WARN_ABOUT_RETURN_TYPE = YES_ERROR;
				GCC_WARN_UNDECLARED_SELECTOR = YES;
				GCC_WARN_UNINITIALIZED_AUTOS = YES_AGGRESSIVE;
				GCC_WARN_UNUSED_FUNCTION = YES;
				GCC_WARN_UNUSED_VARIABLE = YES;
				IPHONEOS_DEPLOYMENT_TARGET = 15.2;
				MTL_ENABLE_DEBUG_INFO = INCLUDE_SOURCE;
				MTL_FAST_MATH = YES;
				ONLY_ACTIVE_ARCH = YES;
				SDKROOT = iphoneos;
				SWIFT_ACTIVE_COMPILATION_CONDITIONS = DEBUG;
				SWIFT_OPTIMIZATION_LEVEL = "-Onone";
			};
			name = Debug;
		};
		B7BF2C8127B422D4006B840E /* Release */ = {
			isa = XCBuildConfiguration;
			buildSettings = {
				ALWAYS_EMBED_SWIFT_STANDARD_LIBRARIES = YES;
				ALWAYS_SEARCH_USER_PATHS = NO;
				CLANG_ANALYZER_NONNULL = YES;
				CLANG_ANALYZER_NUMBER_OBJECT_CONVERSION = YES_AGGRESSIVE;
				CLANG_CXX_LANGUAGE_STANDARD = "gnu++17";
				CLANG_CXX_LIBRARY = "libc++";
				CLANG_ENABLE_MODULES = YES;
				CLANG_ENABLE_OBJC_ARC = YES;
				CLANG_ENABLE_OBJC_WEAK = YES;
				CLANG_WARN_BLOCK_CAPTURE_AUTORELEASING = YES;
				CLANG_WARN_BOOL_CONVERSION = YES;
				CLANG_WARN_COMMA = YES;
				CLANG_WARN_CONSTANT_CONVERSION = YES;
				CLANG_WARN_DEPRECATED_OBJC_IMPLEMENTATIONS = YES;
				CLANG_WARN_DIRECT_OBJC_ISA_USAGE = YES_ERROR;
				CLANG_WARN_DOCUMENTATION_COMMENTS = YES;
				CLANG_WARN_EMPTY_BODY = YES;
				CLANG_WARN_ENUM_CONVERSION = YES;
				CLANG_WARN_INFINITE_RECURSION = YES;
				CLANG_WARN_INT_CONVERSION = YES;
				CLANG_WARN_NON_LITERAL_NULL_CONVERSION = YES;
				CLANG_WARN_OBJC_IMPLICIT_RETAIN_SELF = YES;
				CLANG_WARN_OBJC_LITERAL_CONVERSION = YES;
				CLANG_WARN_OBJC_ROOT_CLASS = YES_ERROR;
				CLANG_WARN_QUOTED_INCLUDE_IN_FRAMEWORK_HEADER = YES;
				CLANG_WARN_RANGE_LOOP_ANALYSIS = YES;
				CLANG_WARN_STRICT_PROTOTYPES = YES;
				CLANG_WARN_SUSPICIOUS_MOVE = YES;
				CLANG_WARN_UNGUARDED_AVAILABILITY = YES_AGGRESSIVE;
				CLANG_WARN_UNREACHABLE_CODE = YES;
				CLANG_WARN__DUPLICATE_METHOD_MATCH = YES;
				COPY_PHASE_STRIP = NO;
				DEBUG_INFORMATION_FORMAT = "dwarf-with-dsym";
				ENABLE_NS_ASSERTIONS = NO;
				ENABLE_STRICT_OBJC_MSGSEND = YES;
				"EXCLUDED_ARCHS[sdk=iphonesimulator*]" = arm64;
				FRAMEWORK_SEARCH_PATHS = "$(SRCROOT)/**";
				GCC_C_LANGUAGE_STANDARD = gnu11;
				GCC_NO_COMMON_BLOCKS = YES;
				GCC_WARN_64_TO_32_BIT_CONVERSION = YES;
				GCC_WARN_ABOUT_RETURN_TYPE = YES_ERROR;
				GCC_WARN_UNDECLARED_SELECTOR = YES;
				GCC_WARN_UNINITIALIZED_AUTOS = YES_AGGRESSIVE;
				GCC_WARN_UNUSED_FUNCTION = YES;
				GCC_WARN_UNUSED_VARIABLE = YES;
				IPHONEOS_DEPLOYMENT_TARGET = 15.2;
				MTL_ENABLE_DEBUG_INFO = NO;
				MTL_FAST_MATH = YES;
				SDKROOT = iphoneos;
				SWIFT_COMPILATION_MODE = wholemodule;
				SWIFT_OPTIMIZATION_LEVEL = "-O";
				VALIDATE_PRODUCT = YES;
			};
			name = Release;
		};
		B7BF2C8327B422D4006B840E /* Debug */ = {
			isa = XCBuildConfiguration;
			buildSettings = {
				ALWAYS_EMBED_SWIFT_STANDARD_LIBRARIES = NO;
				ASSETCATALOG_COMPILER_APPICON_NAME = AppIcon;
				ASSETCATALOG_COMPILER_GLOBAL_ACCENT_COLOR_NAME = AccentColor;
				CODE_SIGN_ENTITLEMENTS = Busamigo/Busamigo.entitlements;
				CODE_SIGN_STYLE = Automatic;
				CURRENT_PROJECT_VERSION = 1;
				DEVELOPMENT_ASSET_PATHS = "\"Busamigo/Preview Content\"";
				DEVELOPMENT_TEAM = B4H6FWY3Z6;
				ENABLE_PREVIEWS = YES;
				EXCLUDED_ARCHS = "";
				"EXCLUDED_ARCHS[sdk=iphonesimulator*]" = "";
				FRAMEWORK_SEARCH_PATHS = "$(inherited)";
				GENERATE_INFOPLIST_FILE = YES;
				INFOPLIST_FILE = Busamigo/Info.plist;
				INFOPLIST_KEY_LSSupportsOpeningDocumentsInPlace = YES;
				INFOPLIST_KEY_NSLocationWhenInUseUsageDescription = "Busamigo trenger posisjonen din for å vite om du er i rett sone for å poste en observasjon. I tillegg til å bruke lokasjons-filteret, og for å vise din posisjon på kart.";
				INFOPLIST_KEY_NSUserTrackingUsageDescription = "Dette ønskes for å tilpasse bedre annonser for deg.";
				INFOPLIST_KEY_UIApplicationSceneManifest_Generation = YES;
				INFOPLIST_KEY_UIApplicationSupportsIndirectInputEvents = YES;
				INFOPLIST_KEY_UILaunchStoryboardName = LaunchScreen;
				INFOPLIST_KEY_UISupportedInterfaceOrientations = UIInterfaceOrientationPortrait;
				INFOPLIST_KEY_UISupportedInterfaceOrientations_iPad = "UIInterfaceOrientationPortrait UIInterfaceOrientationPortraitUpsideDown UIInterfaceOrientationLandscapeLeft UIInterfaceOrientationLandscapeRight";
				INFOPLIST_KEY_UISupportedInterfaceOrientations_iPhone = "UIInterfaceOrientationPortrait UIInterfaceOrientationLandscapeLeft UIInterfaceOrientationLandscapeRight";
				IPHONEOS_DEPLOYMENT_TARGET = 15.2;
				LD_RUNPATH_SEARCH_PATHS = (
					"$(inherited)",
					"@executable_path/Frameworks",
				);
				MARKETING_VERSION = 1.0.3;
				ONLY_ACTIVE_ARCH = YES;
				PRODUCT_BUNDLE_IDENTIFIER = com.guttaredderverden.Busamigo;
				PRODUCT_NAME = "$(TARGET_NAME)";
				SWIFT_EMIT_LOC_STRINGS = YES;
				SWIFT_VERSION = 5.0;
				TARGETED_DEVICE_FAMILY = 1;
			};
			name = Debug;
		};
		B7BF2C8427B422D4006B840E /* Release */ = {
			isa = XCBuildConfiguration;
			buildSettings = {
				ALWAYS_EMBED_SWIFT_STANDARD_LIBRARIES = NO;
				ASSETCATALOG_COMPILER_APPICON_NAME = AppIcon;
				ASSETCATALOG_COMPILER_GLOBAL_ACCENT_COLOR_NAME = AccentColor;
				CODE_SIGN_ENTITLEMENTS = Busamigo/Busamigo.entitlements;
				CODE_SIGN_STYLE = Automatic;
				CURRENT_PROJECT_VERSION = 1;
				DEVELOPMENT_ASSET_PATHS = "\"Busamigo/Preview Content\"";
				DEVELOPMENT_TEAM = B4H6FWY3Z6;
				ENABLE_PREVIEWS = YES;
				EXCLUDED_ARCHS = "";
				"EXCLUDED_ARCHS[sdk=iphonesimulator*]" = "";
				FRAMEWORK_SEARCH_PATHS = "$(inherited)";
				GENERATE_INFOPLIST_FILE = YES;
				INFOPLIST_FILE = Busamigo/Info.plist;
				INFOPLIST_KEY_LSSupportsOpeningDocumentsInPlace = YES;
				INFOPLIST_KEY_NSLocationWhenInUseUsageDescription = "Busamigo trenger posisjonen din for å vite om du er i rett sone for å poste en observasjon. I tillegg til å bruke lokasjons-filteret, og for å vise din posisjon på kart.";
				INFOPLIST_KEY_NSUserTrackingUsageDescription = "Dette ønskes for å tilpasse bedre annonser for deg.";
				INFOPLIST_KEY_UIApplicationSceneManifest_Generation = YES;
				INFOPLIST_KEY_UIApplicationSupportsIndirectInputEvents = YES;
				INFOPLIST_KEY_UILaunchStoryboardName = LaunchScreen;
				INFOPLIST_KEY_UISupportedInterfaceOrientations = UIInterfaceOrientationPortrait;
				INFOPLIST_KEY_UISupportedInterfaceOrientations_iPad = "UIInterfaceOrientationPortrait UIInterfaceOrientationPortraitUpsideDown UIInterfaceOrientationLandscapeLeft UIInterfaceOrientationLandscapeRight";
				INFOPLIST_KEY_UISupportedInterfaceOrientations_iPhone = "UIInterfaceOrientationPortrait UIInterfaceOrientationLandscapeLeft UIInterfaceOrientationLandscapeRight";
				IPHONEOS_DEPLOYMENT_TARGET = 15.2;
				LD_RUNPATH_SEARCH_PATHS = (
					"$(inherited)",
					"@executable_path/Frameworks",
				);
				MARKETING_VERSION = 1.0.3;
				ONLY_ACTIVE_ARCH = NO;
				PRODUCT_BUNDLE_IDENTIFIER = com.guttaredderverden.Busamigo;
				PRODUCT_NAME = "$(TARGET_NAME)";
				SWIFT_EMIT_LOC_STRINGS = YES;
				SWIFT_VERSION = 5.0;
				TARGETED_DEVICE_FAMILY = 1;
			};
			name = Release;
		};
/* End XCBuildConfiguration section */

/* Begin XCConfigurationList section */
		B7BF2C6F27B422D2006B840E /* Build configuration list for PBXProject "Busamigo" */ = {
			isa = XCConfigurationList;
			buildConfigurations = (
				B7BF2C8027B422D4006B840E /* Debug */,
				B7BF2C8127B422D4006B840E /* Release */,
			);
			defaultConfigurationIsVisible = 0;
			defaultConfigurationName = Release;
		};
		B7BF2C8227B422D4006B840E /* Build configuration list for PBXNativeTarget "Busamigo" */ = {
			isa = XCConfigurationList;
			buildConfigurations = (
				B7BF2C8327B422D4006B840E /* Debug */,
				B7BF2C8427B422D4006B840E /* Release */,
			);
			defaultConfigurationIsVisible = 0;
			defaultConfigurationName = Release;
		};
/* End XCConfigurationList section */

/* Begin XCRemoteSwiftPackageReference section */
		B7042201285F58CD00D917E0 /* XCRemoteSwiftPackageReference "firebase-ios-sdk" */ = {
			isa = XCRemoteSwiftPackageReference;
			repositoryURL = "https://github.com/firebase/firebase-ios-sdk.git";
			requirement = {
				kind = upToNextMajorVersion;
				minimumVersion = 9.0.0;
			};
		};
		B704220628614BC400D917E0 /* XCRemoteSwiftPackageReference "SwiftUI-Shimmer" */ = {
			isa = XCRemoteSwiftPackageReference;
			repositoryURL = "https://github.com/markiv/SwiftUI-Shimmer.git";
			requirement = {
				kind = upToNextMajorVersion;
				minimumVersion = 1.0.0;
			};
		};
		B7240F42287717F500179CA2 /* XCRemoteSwiftPackageReference "swift-package-manager-google-mobile-ads" */ = {
			isa = XCRemoteSwiftPackageReference;
			repositoryURL = "https://github.com/googleads/swift-package-manager-google-mobile-ads.git";
			requirement = {
				kind = upToNextMajorVersion;
				minimumVersion = 9.0.0;
			};
		};
		B739A41F284E53EC00677433 /* XCRemoteSwiftPackageReference "firebase-ios-sdk" */ = {
			isa = XCRemoteSwiftPackageReference;
			repositoryURL = "https://github.com/firebase/firebase-ios-sdk.git";
			requirement = {
				kind = upToNextMajorVersion;
				minimumVersion = 9.0.0;
			};
		};
		B739A428284E55B100677433 /* XCRemoteSwiftPackageReference "firebase-ios-sdk" */ = {
			isa = XCRemoteSwiftPackageReference;
			repositoryURL = "https://github.com/firebase/firebase-ios-sdk.git";
			requirement = {
				kind = upToNextMajorVersion;
				minimumVersion = 9.0.0;
			};
		};
		B739A42B284EC5E000677433 /* XCRemoteSwiftPackageReference "firebase-ios-sdk" */ = {
			isa = XCRemoteSwiftPackageReference;
			repositoryURL = "https://github.com/firebase/firebase-ios-sdk.git";
			requirement = {
				kind = upToNextMajorVersion;
				minimumVersion = 9.0.0;
			};
		};
/* End XCRemoteSwiftPackageReference section */

/* Begin XCSwiftPackageProductDependency section */
		B7042202285F58CD00D917E0 /* FirebaseMessaging */ = {
			isa = XCSwiftPackageProductDependency;
			package = B739A41F284E53EC00677433 /* XCRemoteSwiftPackageReference "firebase-ios-sdk" */;
			productName = FirebaseMessaging;
		};
		B704220728614BC400D917E0 /* Shimmer */ = {
			isa = XCSwiftPackageProductDependency;
			package = B704220628614BC400D917E0 /* XCRemoteSwiftPackageReference "SwiftUI-Shimmer" */;
			productName = Shimmer;
		};
		B7240F43287717F500179CA2 /* GoogleMobileAds */ = {
			isa = XCSwiftPackageProductDependency;
			package = B7240F42287717F500179CA2 /* XCRemoteSwiftPackageReference "swift-package-manager-google-mobile-ads" */;
			productName = GoogleMobileAds;
		};
		B739A420284E53EC00677433 /* FirebaseAuth */ = {
			isa = XCSwiftPackageProductDependency;
			package = B739A41F284E53EC00677433 /* XCRemoteSwiftPackageReference "firebase-ios-sdk" */;
			productName = FirebaseAuth;
		};
		B739A422284E53EC00677433 /* FirebaseFirestore */ = {
			isa = XCSwiftPackageProductDependency;
			package = B739A41F284E53EC00677433 /* XCRemoteSwiftPackageReference "firebase-ios-sdk" */;
			productName = FirebaseFirestore;
		};
		B739A424284E53EC00677433 /* FirebaseFunctions */ = {
			isa = XCSwiftPackageProductDependency;
			package = B739A41F284E53EC00677433 /* XCRemoteSwiftPackageReference "firebase-ios-sdk" */;
			productName = FirebaseFunctions;
		};
		B739A429284E55B100677433 /* FirebaseAnalytics */ = {
			isa = XCSwiftPackageProductDependency;
			package = B739A41F284E53EC00677433 /* XCRemoteSwiftPackageReference "firebase-ios-sdk" */;
			productName = FirebaseAnalytics;
		};
		B739A42C284EC5E000677433 /* FirebaseFirestoreSwift */ = {
			isa = XCSwiftPackageProductDependency;
			package = B739A42B284EC5E000677433 /* XCRemoteSwiftPackageReference "firebase-ios-sdk" */;
			productName = FirebaseFirestoreSwift;
		};
/* End XCSwiftPackageProductDependency section */

/* Begin XCVersionGroup section */
		B77AB8FA287B4766007A8DB4 /* BusamigoLog.xcdatamodeld */ = {
			isa = XCVersionGroup;
			children = (
				B77AB8FB287B4766007A8DB4 /* BusamigoLog.xcdatamodel */,
			);
			currentVersion = B77AB8FB287B4766007A8DB4 /* BusamigoLog.xcdatamodel */;
			path = BusamigoLog.xcdatamodeld;
			sourceTree = "<group>";
			versionGroupType = wrapper.xcdatamodel;
		};
/* End XCVersionGroup section */
	};
	rootObject = B7BF2C6C27B422D2006B840E /* Project object */;
}
