// !$*UTF8*$!
{
	archiveVersion = 1;
	classes = {
	};
	objectVersion = 55;
	objects = {

/* Begin PBXBuildFile section */
		B70A762827EFB9A300CE63D6 /* AddBarView.swift in Sources */ = {isa = PBXBuildFile; fileRef = B70A762727EFB9A300CE63D6 /* AddBarView.swift */; };
		B72987C127BB00CE006A3B17 /* LocationManager.swift in Sources */ = {isa = PBXBuildFile; fileRef = B72987C027BB00CE006A3B17 /* LocationManager.swift */; };
		B72987D627BE94AC006A3B17 /* AtbFeed.swift in Sources */ = {isa = PBXBuildFile; fileRef = B72987D527BE94AB006A3B17 /* AtbFeed.swift */; };
		B72987DA27BECAAB006A3B17 /* AddFeedItemView.swift in Sources */ = {isa = PBXBuildFile; fileRef = B72987D927BECAAB006A3B17 /* AddFeedItemView.swift */; };
		B72987DE27BFC610006A3B17 /* Test2View.swift in Sources */ = {isa = PBXBuildFile; fileRef = B72987DD27BFC610006A3B17 /* Test2View.swift */; };
		B72987E027BFD716006A3B17 /* Extensions.swift in Sources */ = {isa = PBXBuildFile; fileRef = B72987DF27BFD716006A3B17 /* Extensions.swift */; };
		B72987E227BFD756006A3B17 /* UtilityViews.swift in Sources */ = {isa = PBXBuildFile; fileRef = B72987E127BFD756006A3B17 /* UtilityViews.swift */; };
		B7536E2327B5B32500C5AB50 /* MapView.swift in Sources */ = {isa = PBXBuildFile; fileRef = B7536E2227B5B32500C5AB50 /* MapView.swift */; };
		B7536E2B27B9336600C5AB50 /* FilterView.swift in Sources */ = {isa = PBXBuildFile; fileRef = B7536E2A27B9336600C5AB50 /* FilterView.swift */; };
		B7536E2D27B94DED00C5AB50 /* ListFeedView.swift in Sources */ = {isa = PBXBuildFile; fileRef = B7536E2C27B94DED00C5AB50 /* ListFeedView.swift */; };
		B7536E2F27B9752200C5AB50 /* AppBarView.swift in Sources */ = {isa = PBXBuildFile; fileRef = B7536E2E27B9752200C5AB50 /* AppBarView.swift */; };
		B7536E3327B98EB300C5AB50 /* FeedSearchView.swift in Sources */ = {isa = PBXBuildFile; fileRef = B7536E3227B98EB300C5AB50 /* FeedSearchView.swift */; };
		B7536E3927B9A0E500C5AB50 /* FeedItem.swift in Sources */ = {isa = PBXBuildFile; fileRef = B7536E3827B9A0E500C5AB50 /* FeedItem.swift */; };
		B7536E3B27B9A0FD00C5AB50 /* Feed.swift in Sources */ = {isa = PBXBuildFile; fileRef = B7536E3A27B9A0FD00C5AB50 /* Feed.swift */; };
		B7536E3F27B9A6D700C5AB50 /* User.swift in Sources */ = {isa = PBXBuildFile; fileRef = B7536E3E27B9A6D700C5AB50 /* User.swift */; };
		B75B14792807555F00D9F74B /* AppDelegate.swift in Sources */ = {isa = PBXBuildFile; fileRef = B75B14782807555F00D9F74B /* AppDelegate.swift */; };
		B75B147B28075BE500D9F74B /* LocationErrors.swift in Sources */ = {isa = PBXBuildFile; fileRef = B75B147A28075BE500D9F74B /* LocationErrors.swift */; };
		B75B147D2807626500D9F74B /* LocationErrorView.swift in Sources */ = {isa = PBXBuildFile; fileRef = B75B147C2807626500D9F74B /* LocationErrorView.swift */; };
		B76A612627B55328003D680E /* TramView.swift in Sources */ = {isa = PBXBuildFile; fileRef = B76A612527B55328003D680E /* TramView.swift */; };
		B76A612827B55720003D680E /* FeedItemView.swift in Sources */ = {isa = PBXBuildFile; fileRef = B76A612727B55720003D680E /* FeedItemView.swift */; };
		B7966C8627F4D8C200447352 /* stops.txt in Resources */ = {isa = PBXBuildFile; fileRef = B7966C8527F4D8C200447352 /* stops.txt */; };
		B7966C8827F4D92900447352 /* routes.txt in Resources */ = {isa = PBXBuildFile; fileRef = B7966C8727F4D92900447352 /* routes.txt */; };
		B7966C8A27F4DFA700447352 /* FileManager.swift in Sources */ = {isa = PBXBuildFile; fileRef = B7966C8927F4DFA700447352 /* FileManager.swift */; };
		B797F5252801BF9E00CC2054 /* Filters.swift in Sources */ = {isa = PBXBuildFile; fileRef = B797F5242801BF9E00CC2054 /* Filters.swift */; };
		B797F5272802135500CC2054 /* UtilityFunctions.swift in Sources */ = {isa = PBXBuildFile; fileRef = B797F5262802135500CC2054 /* UtilityFunctions.swift */; };
		B797F5292805B3AF00CC2054 /* Usefull stuff.rtf in Resources */ = {isa = PBXBuildFile; fileRef = B797F5282805B3AF00CC2054 /* Usefull stuff.rtf */; };
		B797F52C2806D6BE00CC2054 /* HotSorting.swift in Sources */ = {isa = PBXBuildFile; fileRef = B797F52B2806D6BD00CC2054 /* HotSorting.swift */; };
		B7B88F5427EFE080008F2BF3 /* RouteSearchView.swift in Sources */ = {isa = PBXBuildFile; fileRef = B7B88F5327EFE080008F2BF3 /* RouteSearchView.swift */; };
		B7B88F5627EFE0A7008F2BF3 /* StopSearchView.swift in Sources */ = {isa = PBXBuildFile; fileRef = B7B88F5527EFE0A7008F2BF3 /* StopSearchView.swift */; };
		B7B88F5827F1C8D9008F2BF3 /* DetailView.swift in Sources */ = {isa = PBXBuildFile; fileRef = B7B88F5727F1C8D9008F2BF3 /* DetailView.swift */; };
		B7BF2C7827B422D2006B840E /* BusamigoApp.swift in Sources */ = {isa = PBXBuildFile; fileRef = B7BF2C7727B422D2006B840E /* BusamigoApp.swift */; };
		B7BF2C7A27B422D2006B840E /* BusamigoView.swift in Sources */ = {isa = PBXBuildFile; fileRef = B7BF2C7927B422D2006B840E /* BusamigoView.swift */; };
		B7BF2C7C27B422D4006B840E /* Assets.xcassets in Resources */ = {isa = PBXBuildFile; fileRef = B7BF2C7B27B422D4006B840E /* Assets.xcassets */; };
		B7BF2C7F27B422D4006B840E /* Preview Assets.xcassets in Resources */ = {isa = PBXBuildFile; fileRef = B7BF2C7E27B422D4006B840E /* Preview Assets.xcassets */; };
		B7BF2C8827B433A7006B840E /* FeedView.swift in Sources */ = {isa = PBXBuildFile; fileRef = B7BF2C8727B433A7006B840E /* FeedView.swift */; };
		B7BF2C8A27B44822006B840E /* OptionsView.swift in Sources */ = {isa = PBXBuildFile; fileRef = B7BF2C8927B44822006B840E /* OptionsView.swift */; };
		B7BF2C8D27B46E6E006B840E /* BusView.swift in Sources */ = {isa = PBXBuildFile; fileRef = B7BF2C8C27B46E6E006B840E /* BusView.swift */; };
		B7F70FD5280B0BE100F8A71D /* RefreshableScrollView in Frameworks */ = {isa = PBXBuildFile; productRef = B7F70FD4280B0BE100F8A71D /* RefreshableScrollView */; };
		B7F70FD7280B787200F8A71D /* ActivityIndicatorView.swift in Sources */ = {isa = PBXBuildFile; fileRef = B7F70FD6280B787200F8A71D /* ActivityIndicatorView.swift */; };
/* End PBXBuildFile section */

/* Begin PBXFileReference section */
		B70A762727EFB9A300CE63D6 /* AddBarView.swift */ = {isa = PBXFileReference; lastKnownFileType = sourcecode.swift; path = AddBarView.swift; sourceTree = "<group>"; };
		B72987C027BB00CE006A3B17 /* LocationManager.swift */ = {isa = PBXFileReference; lastKnownFileType = sourcecode.swift; path = LocationManager.swift; sourceTree = "<group>"; };
		B72987D427BE8E6D006A3B17 /* Testing.playground */ = {isa = PBXFileReference; lastKnownFileType = file.playground; path = Testing.playground; sourceTree = "<group>"; xcLanguageSpecificationIdentifier = xcode.lang.swift; };
		B72987D527BE94AB006A3B17 /* AtbFeed.swift */ = {isa = PBXFileReference; lastKnownFileType = sourcecode.swift; path = AtbFeed.swift; sourceTree = "<group>"; };
		B72987D927BECAAB006A3B17 /* AddFeedItemView.swift */ = {isa = PBXFileReference; lastKnownFileType = sourcecode.swift; path = AddFeedItemView.swift; sourceTree = "<group>"; };
		B72987DD27BFC610006A3B17 /* Test2View.swift */ = {isa = PBXFileReference; lastKnownFileType = sourcecode.swift; path = Test2View.swift; sourceTree = "<group>"; };
		B72987DF27BFD716006A3B17 /* Extensions.swift */ = {isa = PBXFileReference; lastKnownFileType = sourcecode.swift; path = Extensions.swift; sourceTree = "<group>"; };
		B72987E127BFD756006A3B17 /* UtilityViews.swift */ = {isa = PBXFileReference; lastKnownFileType = sourcecode.swift; path = UtilityViews.swift; sourceTree = "<group>"; };
		B7536E2227B5B32500C5AB50 /* MapView.swift */ = {isa = PBXFileReference; lastKnownFileType = sourcecode.swift; path = MapView.swift; sourceTree = "<group>"; };
		B7536E2A27B9336600C5AB50 /* FilterView.swift */ = {isa = PBXFileReference; lastKnownFileType = sourcecode.swift; path = FilterView.swift; sourceTree = "<group>"; };
		B7536E2C27B94DED00C5AB50 /* ListFeedView.swift */ = {isa = PBXFileReference; lastKnownFileType = sourcecode.swift; path = ListFeedView.swift; sourceTree = "<group>"; };
		B7536E2E27B9752200C5AB50 /* AppBarView.swift */ = {isa = PBXFileReference; lastKnownFileType = sourcecode.swift; path = AppBarView.swift; sourceTree = "<group>"; };
		B7536E3227B98EB300C5AB50 /* FeedSearchView.swift */ = {isa = PBXFileReference; lastKnownFileType = sourcecode.swift; path = FeedSearchView.swift; sourceTree = "<group>"; };
		B7536E3827B9A0E500C5AB50 /* FeedItem.swift */ = {isa = PBXFileReference; lastKnownFileType = sourcecode.swift; path = FeedItem.swift; sourceTree = "<group>"; };
		B7536E3A27B9A0FD00C5AB50 /* Feed.swift */ = {isa = PBXFileReference; lastKnownFileType = sourcecode.swift; path = Feed.swift; sourceTree = "<group>"; };
		B7536E3E27B9A6D700C5AB50 /* User.swift */ = {isa = PBXFileReference; lastKnownFileType = sourcecode.swift; path = User.swift; sourceTree = "<group>"; };
		B75B14782807555F00D9F74B /* AppDelegate.swift */ = {isa = PBXFileReference; lastKnownFileType = sourcecode.swift; path = AppDelegate.swift; sourceTree = "<group>"; };
		B75B147A28075BE500D9F74B /* LocationErrors.swift */ = {isa = PBXFileReference; lastKnownFileType = sourcecode.swift; path = LocationErrors.swift; sourceTree = "<group>"; };
		B75B147C2807626500D9F74B /* LocationErrorView.swift */ = {isa = PBXFileReference; lastKnownFileType = sourcecode.swift; path = LocationErrorView.swift; sourceTree = "<group>"; };
		B76A612527B55328003D680E /* TramView.swift */ = {isa = PBXFileReference; lastKnownFileType = sourcecode.swift; path = TramView.swift; sourceTree = "<group>"; };
		B76A612727B55720003D680E /* FeedItemView.swift */ = {isa = PBXFileReference; lastKnownFileType = sourcecode.swift; path = FeedItemView.swift; sourceTree = "<group>"; };
		B7966C8527F4D8C200447352 /* stops.txt */ = {isa = PBXFileReference; fileEncoding = 4; lastKnownFileType = text; path = stops.txt; sourceTree = "<group>"; };
		B7966C8727F4D92900447352 /* routes.txt */ = {isa = PBXFileReference; fileEncoding = 4; lastKnownFileType = text; path = routes.txt; sourceTree = "<group>"; };
		B7966C8927F4DFA700447352 /* FileManager.swift */ = {isa = PBXFileReference; lastKnownFileType = sourcecode.swift; path = FileManager.swift; sourceTree = "<group>"; };
		B797F5242801BF9E00CC2054 /* Filters.swift */ = {isa = PBXFileReference; lastKnownFileType = sourcecode.swift; path = Filters.swift; sourceTree = "<group>"; };
		B797F5262802135500CC2054 /* UtilityFunctions.swift */ = {isa = PBXFileReference; lastKnownFileType = sourcecode.swift; path = UtilityFunctions.swift; sourceTree = "<group>"; };
		B797F5282805B3AF00CC2054 /* Usefull stuff.rtf */ = {isa = PBXFileReference; lastKnownFileType = text.rtf; path = "Usefull stuff.rtf"; sourceTree = "<group>"; };
		B797F52B2806D6BD00CC2054 /* HotSorting.swift */ = {isa = PBXFileReference; lastKnownFileType = sourcecode.swift; path = HotSorting.swift; sourceTree = "<group>"; };
		B7B88F5327EFE080008F2BF3 /* RouteSearchView.swift */ = {isa = PBXFileReference; lastKnownFileType = sourcecode.swift; path = RouteSearchView.swift; sourceTree = "<group>"; };
		B7B88F5527EFE0A7008F2BF3 /* StopSearchView.swift */ = {isa = PBXFileReference; lastKnownFileType = sourcecode.swift; path = StopSearchView.swift; sourceTree = "<group>"; };
		B7B88F5727F1C8D9008F2BF3 /* DetailView.swift */ = {isa = PBXFileReference; lastKnownFileType = sourcecode.swift; path = DetailView.swift; sourceTree = "<group>"; };
		B7BF2C7427B422D2006B840E /* Busamigo.app */ = {isa = PBXFileReference; explicitFileType = wrapper.application; includeInIndex = 0; path = Busamigo.app; sourceTree = BUILT_PRODUCTS_DIR; };
		B7BF2C7727B422D2006B840E /* BusamigoApp.swift */ = {isa = PBXFileReference; lastKnownFileType = sourcecode.swift; path = BusamigoApp.swift; sourceTree = "<group>"; };
		B7BF2C7927B422D2006B840E /* BusamigoView.swift */ = {isa = PBXFileReference; lastKnownFileType = sourcecode.swift; path = BusamigoView.swift; sourceTree = "<group>"; };
		B7BF2C7B27B422D4006B840E /* Assets.xcassets */ = {isa = PBXFileReference; lastKnownFileType = folder.assetcatalog; path = Assets.xcassets; sourceTree = "<group>"; };
		B7BF2C7E27B422D4006B840E /* Preview Assets.xcassets */ = {isa = PBXFileReference; lastKnownFileType = folder.assetcatalog; path = "Preview Assets.xcassets"; sourceTree = "<group>"; };
		B7BF2C8727B433A7006B840E /* FeedView.swift */ = {isa = PBXFileReference; lastKnownFileType = sourcecode.swift; path = FeedView.swift; sourceTree = "<group>"; };
		B7BF2C8927B44822006B840E /* OptionsView.swift */ = {isa = PBXFileReference; lastKnownFileType = sourcecode.swift; path = OptionsView.swift; sourceTree = "<group>"; };
		B7BF2C8C27B46E6E006B840E /* BusView.swift */ = {isa = PBXFileReference; lastKnownFileType = sourcecode.swift; path = BusView.swift; sourceTree = "<group>"; };
		B7F70FD6280B787200F8A71D /* ActivityIndicatorView.swift */ = {isa = PBXFileReference; lastKnownFileType = sourcecode.swift; path = ActivityIndicatorView.swift; sourceTree = "<group>"; };
/* End PBXFileReference section */

/* Begin PBXFrameworksBuildPhase section */
		B7BF2C7127B422D2006B840E /* Frameworks */ = {
			isa = PBXFrameworksBuildPhase;
			buildActionMask = 2147483647;
			files = (
				B7F70FD5280B0BE100F8A71D /* RefreshableScrollView in Frameworks */,
			);
			runOnlyForDeploymentPostprocessing = 0;
		};
/* End PBXFrameworksBuildPhase section */

/* Begin PBXGroup section */
		B70A762927EFDFDD00CE63D6 /* SearchViews */ = {
			isa = PBXGroup;
			children = (
				B7536E3227B98EB300C5AB50 /* FeedSearchView.swift */,
				B7B88F5327EFE080008F2BF3 /* RouteSearchView.swift */,
				B7B88F5527EFE0A7008F2BF3 /* StopSearchView.swift */,
			);
			path = SearchViews;
			sourceTree = "<group>";
		};
		B72987C227BB01A4006A3B17 /* Utilities */ = {
			isa = PBXGroup;
			children = (
				B797F52B2806D6BD00CC2054 /* HotSorting.swift */,
				B75B14782807555F00D9F74B /* AppDelegate.swift */,
				B72987E127BFD756006A3B17 /* UtilityViews.swift */,
				B797F5262802135500CC2054 /* UtilityFunctions.swift */,
				B72987DF27BFD716006A3B17 /* Extensions.swift */,
				B72987D427BE8E6D006A3B17 /* Testing.playground */,
			);
			path = Utilities;
			sourceTree = "<group>";
		};
		B72987CE27BC6DE4006A3B17 /* Datasets */ = {
			isa = PBXGroup;
			children = (
				B72987CF27BC6E41006A3B17 /* TrondheimAtb */,
			);
			path = Datasets;
			sourceTree = "<group>";
		};
		B72987CF27BC6E41006A3B17 /* TrondheimAtb */ = {
			isa = PBXGroup;
			children = (
				B7966C8727F4D92900447352 /* routes.txt */,
				B7966C8527F4D8C200447352 /* stops.txt */,
			);
			path = TrondheimAtb;
			sourceTree = "<group>";
		};
		B72987DB27BFC5D1006A3B17 /* TestViews */ = {
			isa = PBXGroup;
			children = (
				B7536E2C27B94DED00C5AB50 /* ListFeedView.swift */,
				B72987DD27BFC610006A3B17 /* Test2View.swift */,
				B797F5282805B3AF00CC2054 /* Usefull stuff.rtf */,
				B7F70FD6280B787200F8A71D /* ActivityIndicatorView.swift */,
			);
			path = TestViews;
			sourceTree = "<group>";
		};
		B7536E2627B6B16B00C5AB50 /* Feed */ = {
			isa = PBXGroup;
			children = (
				B7536E3727B99F7C00C5AB50 /* Models */,
				B7536E3427B9972900C5AB50 /* ViewModels */,
				B7536E2727B6B1BB00C5AB50 /* Views */,
			);
			path = Feed;
			sourceTree = "<group>";
		};
		B7536E2727B6B1BB00C5AB50 /* Views */ = {
			isa = PBXGroup;
			children = (
				B72987DB27BFC5D1006A3B17 /* TestViews */,
				B70A762927EFDFDD00CE63D6 /* SearchViews */,
				B76A612927B55F34003D680E /* FeedItemViews */,
				B7BF2C8727B433A7006B840E /* FeedView.swift */,
				B72987D927BECAAB006A3B17 /* AddFeedItemView.swift */,
				B70A762727EFB9A300CE63D6 /* AddBarView.swift */,
				B7536E2E27B9752200C5AB50 /* AppBarView.swift */,
				B7536E2A27B9336600C5AB50 /* FilterView.swift */,
				B7B88F5727F1C8D9008F2BF3 /* DetailView.swift */,
				B75B147C2807626500D9F74B /* LocationErrorView.swift */,
			);
			path = Views;
			sourceTree = "<group>";
		};
		B7536E2827B6B1E100C5AB50 /* Options */ = {
			isa = PBXGroup;
			children = (
				B7BF2C8927B44822006B840E /* OptionsView.swift */,
			);
			path = Options;
			sourceTree = "<group>";
		};
		B7536E2927B6B1F100C5AB50 /* Map */ = {
			isa = PBXGroup;
			children = (
				B7536E2227B5B32500C5AB50 /* MapView.swift */,
			);
			path = Map;
			sourceTree = "<group>";
		};
		B7536E3427B9972900C5AB50 /* ViewModels */ = {
			isa = PBXGroup;
			children = (
				B72987D527BE94AB006A3B17 /* AtbFeed.swift */,
				B72987C027BB00CE006A3B17 /* LocationManager.swift */,
			);
			path = ViewModels;
			sourceTree = "<group>";
		};
		B7536E3727B99F7C00C5AB50 /* Models */ = {
			isa = PBXGroup;
			children = (
				B7536E3827B9A0E500C5AB50 /* FeedItem.swift */,
				B7536E3A27B9A0FD00C5AB50 /* Feed.swift */,
				B7536E3E27B9A6D700C5AB50 /* User.swift */,
				B7966C8927F4DFA700447352 /* FileManager.swift */,
				B797F5242801BF9E00CC2054 /* Filters.swift */,
				B75B147A28075BE500D9F74B /* LocationErrors.swift */,
			);
			path = Models;
			sourceTree = "<group>";
		};
		B76A612927B55F34003D680E /* FeedItemViews */ = {
			isa = PBXGroup;
			children = (
				B76A612727B55720003D680E /* FeedItemView.swift */,
				B7BF2C8C27B46E6E006B840E /* BusView.swift */,
				B76A612527B55328003D680E /* TramView.swift */,
			);
			path = FeedItemViews;
			sourceTree = "<group>";
		};
		B7BF2C6B27B422D2006B840E = {
			isa = PBXGroup;
			children = (
				B7BF2C7627B422D2006B840E /* Busamigo */,
				B7BF2C7527B422D2006B840E /* Products */,
			);
			sourceTree = "<group>";
		};
		B7BF2C7527B422D2006B840E /* Products */ = {
			isa = PBXGroup;
			children = (
				B7BF2C7427B422D2006B840E /* Busamigo.app */,
			);
			name = Products;
			sourceTree = "<group>";
		};
		B7BF2C7627B422D2006B840E /* Busamigo */ = {
			isa = PBXGroup;
			children = (
				B72987CE27BC6DE4006A3B17 /* Datasets */,
				B72987C227BB01A4006A3B17 /* Utilities */,
				B7536E2927B6B1F100C5AB50 /* Map */,
				B7536E2827B6B1E100C5AB50 /* Options */,
				B7536E2627B6B16B00C5AB50 /* Feed */,
				B7BF2C7727B422D2006B840E /* BusamigoApp.swift */,
				B7BF2C7927B422D2006B840E /* BusamigoView.swift */,
				B7BF2C7B27B422D4006B840E /* Assets.xcassets */,
				B7BF2C7D27B422D4006B840E /* Preview Content */,
			);
			path = Busamigo;
			sourceTree = "<group>";
		};
		B7BF2C7D27B422D4006B840E /* Preview Content */ = {
			isa = PBXGroup;
			children = (
				B7BF2C7E27B422D4006B840E /* Preview Assets.xcassets */,
			);
			path = "Preview Content";
			sourceTree = "<group>";
		};
/* End PBXGroup section */

/* Begin PBXNativeTarget section */
		B7BF2C7327B422D2006B840E /* Busamigo */ = {
			isa = PBXNativeTarget;
			buildConfigurationList = B7BF2C8227B422D4006B840E /* Build configuration list for PBXNativeTarget "Busamigo" */;
			buildPhases = (
				B7BF2C7027B422D2006B840E /* Sources */,
				B7BF2C7127B422D2006B840E /* Frameworks */,
				B7BF2C7227B422D2006B840E /* Resources */,
			);
			buildRules = (
			);
			dependencies = (
			);
			name = Busamigo;
			packageProductDependencies = (
				B7F70FD4280B0BE100F8A71D /* RefreshableScrollView */,
			);
			productName = Busamigo;
			productReference = B7BF2C7427B422D2006B840E /* Busamigo.app */;
			productType = "com.apple.product-type.application";
		};
/* End PBXNativeTarget section */

/* Begin PBXProject section */
		B7BF2C6C27B422D2006B840E /* Project object */ = {
			isa = PBXProject;
			attributes = {
				BuildIndependentTargetsInParallel = 1;
				LastSwiftUpdateCheck = 1320;
				LastUpgradeCheck = 1320;
				TargetAttributes = {
					B7BF2C7327B422D2006B840E = {
						CreatedOnToolsVersion = 13.2.1;
					};
				};
			};
			buildConfigurationList = B7BF2C6F27B422D2006B840E /* Build configuration list for PBXProject "Busamigo" */;
			compatibilityVersion = "Xcode 13.0";
			developmentRegion = en;
			hasScannedForEncodings = 0;
			knownRegions = (
				en,
				Base,
			);
			mainGroup = B7BF2C6B27B422D2006B840E;
			packageReferences = (
				B7F70FD3280B0BE100F8A71D /* XCRemoteSwiftPackageReference "RefreshableScrollView" */,
			);
			productRefGroup = B7BF2C7527B422D2006B840E /* Products */;
			projectDirPath = "";
			projectRoot = "";
			targets = (
				B7BF2C7327B422D2006B840E /* Busamigo */,
			);
		};
/* End PBXProject section */

/* Begin PBXResourcesBuildPhase section */
		B7BF2C7227B422D2006B840E /* Resources */ = {
			isa = PBXResourcesBuildPhase;
			buildActionMask = 2147483647;
			files = (
				B7BF2C7F27B422D4006B840E /* Preview Assets.xcassets in Resources */,
				B7966C8627F4D8C200447352 /* stops.txt in Resources */,
				B797F5292805B3AF00CC2054 /* Usefull stuff.rtf in Resources */,
				B7966C8827F4D92900447352 /* routes.txt in Resources */,
				B7BF2C7C27B422D4006B840E /* Assets.xcassets in Resources */,
			);
			runOnlyForDeploymentPostprocessing = 0;
		};
/* End PBXResourcesBuildPhase section */

/* Begin PBXSourcesBuildPhase section */
		B7BF2C7027B422D2006B840E /* Sources */ = {
			isa = PBXSourcesBuildPhase;
			buildActionMask = 2147483647;
			files = (
				B72987C127BB00CE006A3B17 /* LocationManager.swift in Sources */,
				B72987DA27BECAAB006A3B17 /* AddFeedItemView.swift in Sources */,
				B7966C8A27F4DFA700447352 /* FileManager.swift in Sources */,
				B7536E3B27B9A0FD00C5AB50 /* Feed.swift in Sources */,
				B75B147B28075BE500D9F74B /* LocationErrors.swift in Sources */,
				B72987D627BE94AC006A3B17 /* AtbFeed.swift in Sources */,
				B7F70FD7280B787200F8A71D /* ActivityIndicatorView.swift in Sources */,
				B72987DE27BFC610006A3B17 /* Test2View.swift in Sources */,
				B76A612827B55720003D680E /* FeedItemView.swift in Sources */,
				B7536E2D27B94DED00C5AB50 /* ListFeedView.swift in Sources */,
				B72987E027BFD716006A3B17 /* Extensions.swift in Sources */,
				B7B88F5627EFE0A7008F2BF3 /* StopSearchView.swift in Sources */,
				B7BF2C8D27B46E6E006B840E /* BusView.swift in Sources */,
				B7536E2B27B9336600C5AB50 /* FilterView.swift in Sources */,
				B7536E3F27B9A6D700C5AB50 /* User.swift in Sources */,
				B7BF2C8A27B44822006B840E /* OptionsView.swift in Sources */,
				B7BF2C7A27B422D2006B840E /* BusamigoView.swift in Sources */,
				B72987E227BFD756006A3B17 /* UtilityViews.swift in Sources */,
				B797F5272802135500CC2054 /* UtilityFunctions.swift in Sources */,
				B797F5252801BF9E00CC2054 /* Filters.swift in Sources */,
				B7B88F5427EFE080008F2BF3 /* RouteSearchView.swift in Sources */,
				B75B147D2807626500D9F74B /* LocationErrorView.swift in Sources */,
				B7BF2C8827B433A7006B840E /* FeedView.swift in Sources */,
				B7B88F5827F1C8D9008F2BF3 /* DetailView.swift in Sources */,
				B75B14792807555F00D9F74B /* AppDelegate.swift in Sources */,
				B797F52C2806D6BE00CC2054 /* HotSorting.swift in Sources */,
				B7536E3327B98EB300C5AB50 /* FeedSearchView.swift in Sources */,
				B7536E2327B5B32500C5AB50 /* MapView.swift in Sources */,
				B7536E2F27B9752200C5AB50 /* AppBarView.swift in Sources */,
				B70A762827EFB9A300CE63D6 /* AddBarView.swift in Sources */,
				B76A612627B55328003D680E /* TramView.swift in Sources */,
				B7536E3927B9A0E500C5AB50 /* FeedItem.swift in Sources */,
				B7BF2C7827B422D2006B840E /* BusamigoApp.swift in Sources */,
			);
			runOnlyForDeploymentPostprocessing = 0;
		};
/* End PBXSourcesBuildPhase section */

/* Begin XCBuildConfiguration section */
		B7BF2C8027B422D4006B840E /* Debug */ = {
			isa = XCBuildConfiguration;
			buildSettings = {
				ALWAYS_SEARCH_USER_PATHS = NO;
				CLANG_ANALYZER_NONNULL = YES;
				CLANG_ANALYZER_NUMBER_OBJECT_CONVERSION = YES_AGGRESSIVE;
				CLANG_CXX_LANGUAGE_STANDARD = "gnu++17";
				CLANG_CXX_LIBRARY = "libc++";
				CLANG_ENABLE_MODULES = YES;
				CLANG_ENABLE_OBJC_ARC = YES;
				CLANG_ENABLE_OBJC_WEAK = YES;
				CLANG_WARN_BLOCK_CAPTURE_AUTORELEASING = YES;
				CLANG_WARN_BOOL_CONVERSION = YES;
				CLANG_WARN_COMMA = YES;
				CLANG_WARN_CONSTANT_CONVERSION = YES;
				CLANG_WARN_DEPRECATED_OBJC_IMPLEMENTATIONS = YES;
				CLANG_WARN_DIRECT_OBJC_ISA_USAGE = YES_ERROR;
				CLANG_WARN_DOCUMENTATION_COMMENTS = YES;
				CLANG_WARN_EMPTY_BODY = YES;
				CLANG_WARN_ENUM_CONVERSION = YES;
				CLANG_WARN_INFINITE_RECURSION = YES;
				CLANG_WARN_INT_CONVERSION = YES;
				CLANG_WARN_NON_LITERAL_NULL_CONVERSION = YES;
				CLANG_WARN_OBJC_IMPLICIT_RETAIN_SELF = YES;
				CLANG_WARN_OBJC_LITERAL_CONVERSION = YES;
				CLANG_WARN_OBJC_ROOT_CLASS = YES_ERROR;
				CLANG_WARN_QUOTED_INCLUDE_IN_FRAMEWORK_HEADER = YES;
				CLANG_WARN_RANGE_LOOP_ANALYSIS = YES;
				CLANG_WARN_STRICT_PROTOTYPES = YES;
				CLANG_WARN_SUSPICIOUS_MOVE = YES;
				CLANG_WARN_UNGUARDED_AVAILABILITY = YES_AGGRESSIVE;
				CLANG_WARN_UNREACHABLE_CODE = YES;
				CLANG_WARN__DUPLICATE_METHOD_MATCH = YES;
				COPY_PHASE_STRIP = NO;
				DEBUG_INFORMATION_FORMAT = dwarf;
				ENABLE_STRICT_OBJC_MSGSEND = YES;
				ENABLE_TESTABILITY = YES;
				GCC_C_LANGUAGE_STANDARD = gnu11;
				GCC_DYNAMIC_NO_PIC = NO;
				GCC_NO_COMMON_BLOCKS = YES;
				GCC_OPTIMIZATION_LEVEL = 0;
				GCC_PREPROCESSOR_DEFINITIONS = (
					"DEBUG=1",
					"$(inherited)",
				);
				GCC_WARN_64_TO_32_BIT_CONVERSION = YES;
				GCC_WARN_ABOUT_RETURN_TYPE = YES_ERROR;
				GCC_WARN_UNDECLARED_SELECTOR = YES;
				GCC_WARN_UNINITIALIZED_AUTOS = YES_AGGRESSIVE;
				GCC_WARN_UNUSED_FUNCTION = YES;
				GCC_WARN_UNUSED_VARIABLE = YES;
				IPHONEOS_DEPLOYMENT_TARGET = 15.2;
				MTL_ENABLE_DEBUG_INFO = INCLUDE_SOURCE;
				MTL_FAST_MATH = YES;
				ONLY_ACTIVE_ARCH = YES;
				SDKROOT = iphoneos;
				SWIFT_ACTIVE_COMPILATION_CONDITIONS = DEBUG;
				SWIFT_OPTIMIZATION_LEVEL = "-Onone";
			};
			name = Debug;
		};
		B7BF2C8127B422D4006B840E /* Release */ = {
			isa = XCBuildConfiguration;
			buildSettings = {
				ALWAYS_SEARCH_USER_PATHS = NO;
				CLANG_ANALYZER_NONNULL = YES;
				CLANG_ANALYZER_NUMBER_OBJECT_CONVERSION = YES_AGGRESSIVE;
				CLANG_CXX_LANGUAGE_STANDARD = "gnu++17";
				CLANG_CXX_LIBRARY = "libc++";
				CLANG_ENABLE_MODULES = YES;
				CLANG_ENABLE_OBJC_ARC = YES;
				CLANG_ENABLE_OBJC_WEAK = YES;
				CLANG_WARN_BLOCK_CAPTURE_AUTORELEASING = YES;
				CLANG_WARN_BOOL_CONVERSION = YES;
				CLANG_WARN_COMMA = YES;
				CLANG_WARN_CONSTANT_CONVERSION = YES;
				CLANG_WARN_DEPRECATED_OBJC_IMPLEMENTATIONS = YES;
				CLANG_WARN_DIRECT_OBJC_ISA_USAGE = YES_ERROR;
				CLANG_WARN_DOCUMENTATION_COMMENTS = YES;
				CLANG_WARN_EMPTY_BODY = YES;
				CLANG_WARN_ENUM_CONVERSION = YES;
				CLANG_WARN_INFINITE_RECURSION = YES;
				CLANG_WARN_INT_CONVERSION = YES;
				CLANG_WARN_NON_LITERAL_NULL_CONVERSION = YES;
				CLANG_WARN_OBJC_IMPLICIT_RETAIN_SELF = YES;
				CLANG_WARN_OBJC_LITERAL_CONVERSION = YES;
				CLANG_WARN_OBJC_ROOT_CLASS = YES_ERROR;
				CLANG_WARN_QUOTED_INCLUDE_IN_FRAMEWORK_HEADER = YES;
				CLANG_WARN_RANGE_LOOP_ANALYSIS = YES;
				CLANG_WARN_STRICT_PROTOTYPES = YES;
				CLANG_WARN_SUSPICIOUS_MOVE = YES;
				CLANG_WARN_UNGUARDED_AVAILABILITY = YES_AGGRESSIVE;
				CLANG_WARN_UNREACHABLE_CODE = YES;
				CLANG_WARN__DUPLICATE_METHOD_MATCH = YES;
				COPY_PHASE_STRIP = NO;
				DEBUG_INFORMATION_FORMAT = "dwarf-with-dsym";
				ENABLE_NS_ASSERTIONS = NO;
				ENABLE_STRICT_OBJC_MSGSEND = YES;
				GCC_C_LANGUAGE_STANDARD = gnu11;
				GCC_NO_COMMON_BLOCKS = YES;
				GCC_WARN_64_TO_32_BIT_CONVERSION = YES;
				GCC_WARN_ABOUT_RETURN_TYPE = YES_ERROR;
				GCC_WARN_UNDECLARED_SELECTOR = YES;
				GCC_WARN_UNINITIALIZED_AUTOS = YES_AGGRESSIVE;
				GCC_WARN_UNUSED_FUNCTION = YES;
				GCC_WARN_UNUSED_VARIABLE = YES;
				IPHONEOS_DEPLOYMENT_TARGET = 15.2;
				MTL_ENABLE_DEBUG_INFO = NO;
				MTL_FAST_MATH = YES;
				SDKROOT = iphoneos;
				SWIFT_COMPILATION_MODE = wholemodule;
				SWIFT_OPTIMIZATION_LEVEL = "-O";
				VALIDATE_PRODUCT = YES;
			};
			name = Release;
		};
		B7BF2C8327B422D4006B840E /* Debug */ = {
			isa = XCBuildConfiguration;
			buildSettings = {
				ASSETCATALOG_COMPILER_APPICON_NAME = AppIcon;
				ASSETCATALOG_COMPILER_GLOBAL_ACCENT_COLOR_NAME = AccentColor;
				CODE_SIGN_STYLE = Automatic;
				CURRENT_PROJECT_VERSION = 1;
				DEVELOPMENT_ASSET_PATHS = "\"Busamigo/Preview Content\"";
				DEVELOPMENT_TEAM = B4H6FWY3Z6;
				ENABLE_PREVIEWS = YES;
				GENERATE_INFOPLIST_FILE = YES;
				INFOPLIST_FILE = Busamigo/Info.plist;
				INFOPLIST_KEY_NSLocationWhenInUseUsageDescription = "Denne appen trenger lokasjonen din for å finne de nærmeste holdplassene fra deg.";
				INFOPLIST_KEY_NSMainNibFile = Main;
				INFOPLIST_KEY_UIApplicationSceneManifest_Generation = YES;
				INFOPLIST_KEY_UIApplicationSupportsIndirectInputEvents = YES;
				INFOPLIST_KEY_UILaunchScreen_Generation = YES;
				INFOPLIST_KEY_UISupportedInterfaceOrientations = UIInterfaceOrientationPortrait;
				INFOPLIST_KEY_UISupportedInterfaceOrientations_iPad = "UIInterfaceOrientationPortrait UIInterfaceOrientationPortraitUpsideDown UIInterfaceOrientationLandscapeLeft UIInterfaceOrientationLandscapeRight";
				INFOPLIST_KEY_UISupportedInterfaceOrientations_iPhone = "UIInterfaceOrientationPortrait UIInterfaceOrientationLandscapeLeft UIInterfaceOrientationLandscapeRight";
				LD_RUNPATH_SEARCH_PATHS = (
					"$(inherited)",
					"@executable_path/Frameworks",
				);
				MARKETING_VERSION = 1.0;
				PRODUCT_BUNDLE_IDENTIFIER = no.nicka.stud.ntnu.Busamigo;
				PRODUCT_NAME = "$(TARGET_NAME)";
				SWIFT_EMIT_LOC_STRINGS = YES;
				SWIFT_VERSION = 5.0;
				TARGETED_DEVICE_FAMILY = 1;
			};
			name = Debug;
		};
		B7BF2C8427B422D4006B840E /* Release */ = {
			isa = XCBuildConfiguration;
			buildSettings = {
				ASSETCATALOG_COMPILER_APPICON_NAME = AppIcon;
				ASSETCATALOG_COMPILER_GLOBAL_ACCENT_COLOR_NAME = AccentColor;
				CODE_SIGN_STYLE = Automatic;
				CURRENT_PROJECT_VERSION = 1;
				DEVELOPMENT_ASSET_PATHS = "\"Busamigo/Preview Content\"";
				DEVELOPMENT_TEAM = B4H6FWY3Z6;
				ENABLE_PREVIEWS = YES;
				GENERATE_INFOPLIST_FILE = YES;
				INFOPLIST_FILE = Busamigo/Info.plist;
				INFOPLIST_KEY_NSLocationWhenInUseUsageDescription = "Denne appen trenger lokasjonen din for å finne de nærmeste holdplassene fra deg.";
				INFOPLIST_KEY_NSMainNibFile = Main;
				INFOPLIST_KEY_UIApplicationSceneManifest_Generation = YES;
				INFOPLIST_KEY_UIApplicationSupportsIndirectInputEvents = YES;
				INFOPLIST_KEY_UILaunchScreen_Generation = YES;
				INFOPLIST_KEY_UISupportedInterfaceOrientations = UIInterfaceOrientationPortrait;
				INFOPLIST_KEY_UISupportedInterfaceOrientations_iPad = "UIInterfaceOrientationPortrait UIInterfaceOrientationPortraitUpsideDown UIInterfaceOrientationLandscapeLeft UIInterfaceOrientationLandscapeRight";
				INFOPLIST_KEY_UISupportedInterfaceOrientations_iPhone = "UIInterfaceOrientationPortrait UIInterfaceOrientationLandscapeLeft UIInterfaceOrientationLandscapeRight";
				LD_RUNPATH_SEARCH_PATHS = (
					"$(inherited)",
					"@executable_path/Frameworks",
				);
				MARKETING_VERSION = 1.0;
				PRODUCT_BUNDLE_IDENTIFIER = no.nicka.stud.ntnu.Busamigo;
				PRODUCT_NAME = "$(TARGET_NAME)";
				SWIFT_EMIT_LOC_STRINGS = YES;
				SWIFT_VERSION = 5.0;
				TARGETED_DEVICE_FAMILY = 1;
			};
			name = Release;
		};
/* End XCBuildConfiguration section */

/* Begin XCConfigurationList section */
		B7BF2C6F27B422D2006B840E /* Build configuration list for PBXProject "Busamigo" */ = {
			isa = XCConfigurationList;
			buildConfigurations = (
				B7BF2C8027B422D4006B840E /* Debug */,
				B7BF2C8127B422D4006B840E /* Release */,
			);
			defaultConfigurationIsVisible = 0;
			defaultConfigurationName = Release;
		};
		B7BF2C8227B422D4006B840E /* Build configuration list for PBXNativeTarget "Busamigo" */ = {
			isa = XCConfigurationList;
			buildConfigurations = (
				B7BF2C8327B422D4006B840E /* Debug */,
				B7BF2C8427B422D4006B840E /* Release */,
			);
			defaultConfigurationIsVisible = 0;
			defaultConfigurationName = Release;
		};
/* End XCConfigurationList section */

/* Begin XCRemoteSwiftPackageReference section */
		B7F70FD3280B0BE100F8A71D /* XCRemoteSwiftPackageReference "RefreshableScrollView" */ = {
			isa = XCRemoteSwiftPackageReference;
			repositoryURL = "https://github.com/TariqAlmazyad/RefreshableScrollView";
			requirement = {
				kind = upToNextMajorVersion;
				minimumVersion = 1.0.0;
			};
		};
/* End XCRemoteSwiftPackageReference section */

/* Begin XCSwiftPackageProductDependency section */
		B7F70FD4280B0BE100F8A71D /* RefreshableScrollView */ = {
			isa = XCSwiftPackageProductDependency;
			package = B7F70FD3280B0BE100F8A71D /* XCRemoteSwiftPackageReference "RefreshableScrollView" */;
			productName = RefreshableScrollView;
		};
/* End XCSwiftPackageProductDependency section */
	};
	rootObject = B7BF2C6C27B422D2006B840E /* Project object */;
}
